
Microsoft Visual Studio Solution File, Format Version 11.00
# Visual Studio 2010
Project("{FAE04EC0-301F-11D3-BF4B-00C04F79EFBC}") = "QRScanneriOS", "QRScanneriOS\QRScanneriOS.csproj", "{29A5C6EE-4F10-4F24-A68C-B8148FA06A7C}"
EndProject
Global
	GlobalSection(SolutionConfigurationPlatforms) = preSolution
		Debug|iPhoneSimulator = Debug|iPhoneSimulator
		Release|iPhoneSimulator = Release|iPhoneSimulator
		Debug|iPhone = Debug|iPhone
		Release|iPhone = Release|iPhone
		Ad-Hoc|iPhone = Ad-Hoc|iPhone
		AppStore|iPhone = AppStore|iPhone
	EndGlobalSection
	GlobalSection(ProjectConfigurationPlatforms) = postSolution
		{29A5C6EE-4F10-4F24-A68C-B8148FA06A7C}.Ad-Hoc|iPhone.ActiveCfg = Ad-Hoc|iPhone
		{29A5C6EE-4F10-4F24-A68C-B8148FA06A7C}.Ad-Hoc|iPhone.Build.0 = Ad-Hoc|iPhone
		{29A5C6EE-4F10-4F24-A68C-B8148FA06A7C}.AppStore|iPhone.ActiveCfg = AppStore|iPhone
		{29A5C6EE-4F10-4F24-A68C-B8148FA06A7C}.AppStore|iPhone.Build.0 = AppStore|iPhone
		{29A5C6EE-4F10-4F24-A68C-B8148FA06A7C}.Debug|iPhone.ActiveCfg = Debug|iPhone
		{29A5C6EE-4F10-4F24-A68C-B8148FA06A7C}.Debug|iPhone.Build.0 = Debug|iPhone
		{29A5C6EE-4F10-4F24-A68C-B8148FA06A7C}.Debug|iPhoneSimulator.ActiveCfg = Debug|iPhoneSimulator
		{29A5C6EE-4F10-4F24-A68C-B8148FA06A7C}.Debug|iPhoneSimulator.Build.0 = Debug|iPhoneSimulator
		{29A5C6EE-4F10-4F24-A68C-B8148FA06A7C}.Release|iPhone.ActiveCfg = Release|iPhone
		{29A5C6EE-4F10-4F24-A68C-B8148FA06A7C}.Release|iPhone.Build.0 = Release|iPhone
		{29A5C6EE-4F10-4F24-A68C-B8148FA06A7C}.Release|iPhoneSimulator.ActiveCfg = Release|iPhoneSimulator
		{29A5C6EE-4F10-4F24-A68C-B8148FA06A7C}.Release|iPhoneSimulator.Build.0 = Release|iPhoneSimulator
	EndGlobalSection
	GlobalSection(MonoDevelopProperties) = preSolution
		StartupItem = QRScanneriOS\QRScanneriOS.csproj
	EndGlobalSection
EndGlobal
