
Microsoft Visual Studio Solution File, Format Version 11.00
# Visual Studio 2010
Project("{FAE04EC0-301F-11D3-BF4B-00C04F79EFBC}") = "XamarinMobileiOS", "XamarinMobileiOS\XamarinMobileiOS.csproj", "{25D104F9-6DB3-4272-A2F6-26686DCC60CA}"
EndProject
Global
	GlobalSection(SolutionConfigurationPlatforms) = preSolution
		Debug|iPhoneSimulator = Debug|iPhoneSimulator
		Release|iPhoneSimulator = Release|iPhoneSimulator
		Debug|iPhone = Debug|iPhone
		Release|iPhone = Release|iPhone
		Ad-Hoc|iPhone = Ad-Hoc|iPhone
		AppStore|iPhone = AppStore|iPhone
	EndGlobalSection
	GlobalSection(ProjectConfigurationPlatforms) = postSolution
		{25D104F9-6DB3-4272-A2F6-26686DCC60CA}.Ad-Hoc|iPhone.ActiveCfg = Ad-Hoc|iPhone
		{25D104F9-6DB3-4272-A2F6-26686DCC60CA}.Ad-Hoc|iPhone.Build.0 = Ad-Hoc|iPhone
		{25D104F9-6DB3-4272-A2F6-26686DCC60CA}.AppStore|iPhone.ActiveCfg = AppStore|iPhone
		{25D104F9-6DB3-4272-A2F6-26686DCC60CA}.AppStore|iPhone.Build.0 = AppStore|iPhone
		{25D104F9-6DB3-4272-A2F6-26686DCC60CA}.Debug|iPhone.ActiveCfg = Debug|iPhone
		{25D104F9-6DB3-4272-A2F6-26686DCC60CA}.Debug|iPhone.Build.0 = Debug|iPhone
		{25D104F9-6DB3-4272-A2F6-26686DCC60CA}.Debug|iPhoneSimulator.ActiveCfg = Debug|iPhoneSimulator
		{25D104F9-6DB3-4272-A2F6-26686DCC60CA}.Debug|iPhoneSimulator.Build.0 = Debug|iPhoneSimulator
		{25D104F9-6DB3-4272-A2F6-26686DCC60CA}.Release|iPhone.ActiveCfg = Release|iPhone
		{25D104F9-6DB3-4272-A2F6-26686DCC60CA}.Release|iPhone.Build.0 = Release|iPhone
		{25D104F9-6DB3-4272-A2F6-26686DCC60CA}.Release|iPhoneSimulator.ActiveCfg = Release|iPhoneSimulator
		{25D104F9-6DB3-4272-A2F6-26686DCC60CA}.Release|iPhoneSimulator.Build.0 = Release|iPhoneSimulator
	EndGlobalSection
	GlobalSection(MonoDevelopProperties) = preSolution
		StartupItem = XamarinMobileiOS\XamarinMobileiOS.csproj
	EndGlobalSection
EndGlobal
