
Microsoft Visual Studio Solution File, Format Version 11.00
# Visual Studio 2010
Project("{FAE04EC0-301F-11D3-BF4B-00C04F79EFBC}") = "GMapsiOS", "GMapsiOS\GMapsiOS.csproj", "{69A2C659-9310-4743-A6F1-E6F2F8655CAC}"
EndProject
Global
	GlobalSection(SolutionConfigurationPlatforms) = preSolution
		Debug|iPhoneSimulator = Debug|iPhoneSimulator
		Release|iPhoneSimulator = Release|iPhoneSimulator
		Debug|iPhone = Debug|iPhone
		Release|iPhone = Release|iPhone
		Ad-Hoc|iPhone = Ad-Hoc|iPhone
		AppStore|iPhone = AppStore|iPhone
	EndGlobalSection
	GlobalSection(ProjectConfigurationPlatforms) = postSolution
		{69A2C659-9310-4743-A6F1-E6F2F8655CAC}.Ad-Hoc|iPhone.ActiveCfg = Ad-Hoc|iPhone
		{69A2C659-9310-4743-A6F1-E6F2F8655CAC}.Ad-Hoc|iPhone.Build.0 = Ad-Hoc|iPhone
		{69A2C659-9310-4743-A6F1-E6F2F8655CAC}.AppStore|iPhone.ActiveCfg = AppStore|iPhone
		{69A2C659-9310-4743-A6F1-E6F2F8655CAC}.AppStore|iPhone.Build.0 = AppStore|iPhone
		{69A2C659-9310-4743-A6F1-E6F2F8655CAC}.Debug|iPhone.ActiveCfg = Debug|iPhone
		{69A2C659-9310-4743-A6F1-E6F2F8655CAC}.Debug|iPhone.Build.0 = Debug|iPhone
		{69A2C659-9310-4743-A6F1-E6F2F8655CAC}.Debug|iPhoneSimulator.ActiveCfg = Debug|iPhoneSimulator
		{69A2C659-9310-4743-A6F1-E6F2F8655CAC}.Debug|iPhoneSimulator.Build.0 = Debug|iPhoneSimulator
		{69A2C659-9310-4743-A6F1-E6F2F8655CAC}.Release|iPhone.ActiveCfg = Release|iPhone
		{69A2C659-9310-4743-A6F1-E6F2F8655CAC}.Release|iPhone.Build.0 = Release|iPhone
		{69A2C659-9310-4743-A6F1-E6F2F8655CAC}.Release|iPhoneSimulator.ActiveCfg = Release|iPhoneSimulator
		{69A2C659-9310-4743-A6F1-E6F2F8655CAC}.Release|iPhoneSimulator.Build.0 = Release|iPhoneSimulator
	EndGlobalSection
	GlobalSection(MonoDevelopProperties) = preSolution
		StartupItem = GMapsiOS\GMapsiOS.csproj
	EndGlobalSection
EndGlobal
