
Microsoft Visual Studio Solution File, Format Version 12.00
# Visual Studio 2013
VisualStudioVersion = 12.0.30501.0
MinimumVisualStudioVersion = 10.0.40219.1
Project("{FAE04EC0-301F-11D3-BF4B-00C04F79EFBC}") = "TwilioMiniHackStarter.Web", "TwilioMiniHackStarter.Web\TwilioMiniHackStarter.Web.csproj", "{D3B4C4F6-E41A-4983-B960-B67B1412467C}"
EndProject
Project("{FAE04EC0-301F-11D3-BF4B-00C04F79EFBC}") = "TwilioMiniHackStarter.Android", "TwilioMiniHackStarter.Android\TwilioMiniHackStarter.Android.csproj", "{5496AC03-4DBC-407B-B056-4FE3CFC72338}"
EndProject
Project("{FAE04EC0-301F-11D3-BF4B-00C04F79EFBC}") = "TwilioMiniHackStarter.iPhone", "TwilioMiniHackStarter.iPhone\TwilioMiniHackStarter.iPhone.csproj", "{5390CCEC-C384-460C-9DD8-6BD8514BD8D7}"
EndProject
Global
	GlobalSection(SolutionConfigurationPlatforms) = preSolution
		Ad-Hoc|Any CPU = Ad-Hoc|Any CPU
		Ad-Hoc|iPhone = Ad-Hoc|iPhone
		Ad-Hoc|iPhoneSimulator = Ad-Hoc|iPhoneSimulator
		AppStore|Any CPU = AppStore|Any CPU
		AppStore|iPhone = AppStore|iPhone
		AppStore|iPhoneSimulator = AppStore|iPhoneSimulator
		Debug|Any CPU = Debug|Any CPU
		Debug|iPhone = Debug|iPhone
		Debug|iPhoneSimulator = Debug|iPhoneSimulator
		Release|Any CPU = Release|Any CPU
		Release|iPhone = Release|iPhone
		Release|iPhoneSimulator = Release|iPhoneSimulator
	EndGlobalSection
	GlobalSection(ProjectConfigurationPlatforms) = postSolution
		{D3B4C4F6-E41A-4983-B960-B67B1412467C}.Ad-Hoc|Any CPU.ActiveCfg = Release|Any CPU
		{D3B4C4F6-E41A-4983-B960-B67B1412467C}.Ad-Hoc|iPhone.ActiveCfg = Debug|Any CPU
		{D3B4C4F6-E41A-4983-B960-B67B1412467C}.Ad-Hoc|iPhone.Build.0 = Debug|Any CPU
		{D3B4C4F6-E41A-4983-B960-B67B1412467C}.Ad-Hoc|iPhoneSimulator.ActiveCfg = Release|Any CPU
		{D3B4C4F6-E41A-4983-B960-B67B1412467C}.AppStore|Any CPU.ActiveCfg = Release|Any CPU
		{D3B4C4F6-E41A-4983-B960-B67B1412467C}.AppStore|iPhone.ActiveCfg = Debug|Any CPU
		{D3B4C4F6-E41A-4983-B960-B67B1412467C}.AppStore|iPhone.Build.0 = Debug|Any CPU
		{D3B4C4F6-E41A-4983-B960-B67B1412467C}.AppStore|iPhoneSimulator.ActiveCfg = Release|Any CPU
		{D3B4C4F6-E41A-4983-B960-B67B1412467C}.Debug|Any CPU.ActiveCfg = Debug|Any CPU
		{D3B4C4F6-E41A-4983-B960-B67B1412467C}.Debug|Any CPU.Build.0 = Debug|Any CPU
		{D3B4C4F6-E41A-4983-B960-B67B1412467C}.Debug|iPhone.ActiveCfg = Debug|Any CPU
		{D3B4C4F6-E41A-4983-B960-B67B1412467C}.Debug|iPhone.Build.0 = Debug|Any CPU
		{D3B4C4F6-E41A-4983-B960-B67B1412467C}.Debug|iPhoneSimulator.ActiveCfg = Debug|Any CPU
		{D3B4C4F6-E41A-4983-B960-B67B1412467C}.Debug|iPhoneSimulator.Build.0 = Debug|Any CPU
		{D3B4C4F6-E41A-4983-B960-B67B1412467C}.Release|Any CPU.ActiveCfg = Release|Any CPU
		{D3B4C4F6-E41A-4983-B960-B67B1412467C}.Release|Any CPU.Build.0 = Release|Any CPU
		{D3B4C4F6-E41A-4983-B960-B67B1412467C}.Release|iPhone.ActiveCfg = Release|Any CPU
		{D3B4C4F6-E41A-4983-B960-B67B1412467C}.Release|iPhone.Build.0 = Release|Any CPU
		{D3B4C4F6-E41A-4983-B960-B67B1412467C}.Release|iPhoneSimulator.ActiveCfg = Release|Any CPU
		{D3B4C4F6-E41A-4983-B960-B67B1412467C}.Release|iPhoneSimulator.Build.0 = Release|Any CPU
		{5496AC03-4DBC-407B-B056-4FE3CFC72338}.Ad-Hoc|Any CPU.ActiveCfg = Release|Any CPU
		{5496AC03-4DBC-407B-B056-4FE3CFC72338}.Ad-Hoc|Any CPU.Build.0 = Release|Any CPU
		{5496AC03-4DBC-407B-B056-4FE3CFC72338}.Ad-Hoc|Any CPU.Deploy.0 = Release|Any CPU
		{5496AC03-4DBC-407B-B056-4FE3CFC72338}.Ad-Hoc|iPhone.ActiveCfg = Debug|Any CPU
		{5496AC03-4DBC-407B-B056-4FE3CFC72338}.Ad-Hoc|iPhone.Build.0 = Debug|Any CPU
		{5496AC03-4DBC-407B-B056-4FE3CFC72338}.Ad-Hoc|iPhoneSimulator.ActiveCfg = Release|Any CPU
		{5496AC03-4DBC-407B-B056-4FE3CFC72338}.AppStore|Any CPU.ActiveCfg = Release|Any CPU
		{5496AC03-4DBC-407B-B056-4FE3CFC72338}.AppStore|Any CPU.Build.0 = Release|Any CPU
		{5496AC03-4DBC-407B-B056-4FE3CFC72338}.AppStore|Any CPU.Deploy.0 = Release|Any CPU
		{5496AC03-4DBC-407B-B056-4FE3CFC72338}.AppStore|iPhone.ActiveCfg = Debug|Any CPU
		{5496AC03-4DBC-407B-B056-4FE3CFC72338}.AppStore|iPhone.Build.0 = Debug|Any CPU
		{5496AC03-4DBC-407B-B056-4FE3CFC72338}.AppStore|iPhoneSimulator.ActiveCfg = Release|Any CPU
		{5496AC03-4DBC-407B-B056-4FE3CFC72338}.Debug|Any CPU.ActiveCfg = Debug|Any CPU
		{5496AC03-4DBC-407B-B056-4FE3CFC72338}.Debug|Any CPU.Build.0 = Debug|Any CPU
		{5496AC03-4DBC-407B-B056-4FE3CFC72338}.Debug|Any CPU.Deploy.0 = Debug|Any CPU
		{5496AC03-4DBC-407B-B056-4FE3CFC72338}.Debug|iPhone.ActiveCfg = Debug|Any CPU
		{5496AC03-4DBC-407B-B056-4FE3CFC72338}.Debug|iPhone.Build.0 = Debug|Any CPU
		{5496AC03-4DBC-407B-B056-4FE3CFC72338}.Debug|iPhoneSimulator.ActiveCfg = Debug|Any CPU
		{5496AC03-4DBC-407B-B056-4FE3CFC72338}.Debug|iPhoneSimulator.Build.0 = Debug|Any CPU
		{5496AC03-4DBC-407B-B056-4FE3CFC72338}.Release|Any CPU.ActiveCfg = Release|Any CPU
		{5496AC03-4DBC-407B-B056-4FE3CFC72338}.Release|Any CPU.Build.0 = Release|Any CPU
		{5496AC03-4DBC-407B-B056-4FE3CFC72338}.Release|iPhone.ActiveCfg = Release|Any CPU
		{5496AC03-4DBC-407B-B056-4FE3CFC72338}.Release|iPhone.Build.0 = Release|Any CPU
		{5496AC03-4DBC-407B-B056-4FE3CFC72338}.Release|iPhoneSimulator.ActiveCfg = Release|Any CPU
		{5496AC03-4DBC-407B-B056-4FE3CFC72338}.Release|iPhoneSimulator.Build.0 = Release|Any CPU
		{5390CCEC-C384-460C-9DD8-6BD8514BD8D7}.Ad-Hoc|Any CPU.ActiveCfg = Ad-Hoc|iPhoneSimulator
		{5390CCEC-C384-460C-9DD8-6BD8514BD8D7}.Ad-Hoc|iPhone.ActiveCfg = Ad-Hoc|iPhone
		{5390CCEC-C384-460C-9DD8-6BD8514BD8D7}.Ad-Hoc|iPhone.Build.0 = Ad-Hoc|iPhone
		{5390CCEC-C384-460C-9DD8-6BD8514BD8D7}.Ad-Hoc|iPhoneSimulator.ActiveCfg = Ad-Hoc|iPhoneSimulator
		{5390CCEC-C384-460C-9DD8-6BD8514BD8D7}.Ad-Hoc|iPhoneSimulator.Build.0 = Ad-Hoc|iPhoneSimulator
		{5390CCEC-C384-460C-9DD8-6BD8514BD8D7}.AppStore|Any CPU.ActiveCfg = AppStore|iPhoneSimulator
		{5390CCEC-C384-460C-9DD8-6BD8514BD8D7}.AppStore|iPhone.ActiveCfg = AppStore|iPhone
		{5390CCEC-C384-460C-9DD8-6BD8514BD8D7}.AppStore|iPhone.Build.0 = AppStore|iPhone
		{5390CCEC-C384-460C-9DD8-6BD8514BD8D7}.AppStore|iPhoneSimulator.ActiveCfg = AppStore|iPhoneSimulator
		{5390CCEC-C384-460C-9DD8-6BD8514BD8D7}.AppStore|iPhoneSimulator.Build.0 = AppStore|iPhoneSimulator
		{5390CCEC-C384-460C-9DD8-6BD8514BD8D7}.Debug|Any CPU.ActiveCfg = Debug|iPhoneSimulator
		{5390CCEC-C384-460C-9DD8-6BD8514BD8D7}.Debug|Any CPU.Build.0 = Debug|iPhoneSimulator
		{5390CCEC-C384-460C-9DD8-6BD8514BD8D7}.Debug|iPhone.ActiveCfg = Debug|iPhone
		{5390CCEC-C384-460C-9DD8-6BD8514BD8D7}.Debug|iPhone.Build.0 = Debug|iPhone
		{5390CCEC-C384-460C-9DD8-6BD8514BD8D7}.Debug|iPhoneSimulator.ActiveCfg = Debug|iPhoneSimulator
		{5390CCEC-C384-460C-9DD8-6BD8514BD8D7}.Debug|iPhoneSimulator.Build.0 = Debug|iPhoneSimulator
		{5390CCEC-C384-460C-9DD8-6BD8514BD8D7}.Release|Any CPU.ActiveCfg = Release|iPhoneSimulator
		{5390CCEC-C384-460C-9DD8-6BD8514BD8D7}.Release|Any CPU.Build.0 = Release|iPhoneSimulator
		{5390CCEC-C384-460C-9DD8-6BD8514BD8D7}.Release|iPhone.ActiveCfg = Release|iPhone
		{5390CCEC-C384-460C-9DD8-6BD8514BD8D7}.Release|iPhone.Build.0 = Release|iPhone
		{5390CCEC-C384-460C-9DD8-6BD8514BD8D7}.Release|iPhoneSimulator.ActiveCfg = Release|iPhoneSimulator
		{5390CCEC-C384-460C-9DD8-6BD8514BD8D7}.Release|iPhoneSimulator.Build.0 = Release|iPhoneSimulator
	EndGlobalSection
	GlobalSection(SolutionProperties) = preSolution
		HideSolutionNode = FALSE
	EndGlobalSection
	GlobalSection(MonoDevelopProperties) = preSolution
		StartupItem = TwilioMiniHackStarter.Web\TwilioMiniHackStarter.Web.csproj
	EndGlobalSection
EndGlobal
