
Microsoft Visual Studio Solution File, Format Version 12.00
# Visual Studio 2012
Project("{FAE04EC0-301F-11D3-BF4B-00C04F79EFBC}") = "iBeaconMiniHack", "iBeaconMiniHack\iBeaconMiniHack.csproj", "{008D18B0-05CE-4F1D-A530-29F17F2FC2DE}"
EndProject
Project("{FAE04EC0-301F-11D3-BF4B-00C04F79EFBC}") = "aBeaconMiniHack", "aBeaconMiniHack\aBeaconMiniHack.csproj", "{D2A9EDC9-B935-4059-95C5-3812D0C73FD9}"
EndProject
Global
	GlobalSection(SolutionConfigurationPlatforms) = preSolution
		Debug|iPhoneSimulator = Debug|iPhoneSimulator
		Release|iPhoneSimulator = Release|iPhoneSimulator
		Debug|iPhone = Debug|iPhone
		Release|iPhone = Release|iPhone
		Ad-Hoc|iPhone = Ad-Hoc|iPhone
		AppStore|iPhone = AppStore|iPhone
	EndGlobalSection
	GlobalSection(ProjectConfigurationPlatforms) = postSolution
		{008D18B0-05CE-4F1D-A530-29F17F2FC2DE}.Ad-Hoc|iPhone.ActiveCfg = Ad-Hoc|iPhone
		{008D18B0-05CE-4F1D-A530-29F17F2FC2DE}.Ad-Hoc|iPhone.Build.0 = Ad-Hoc|iPhone
		{008D18B0-05CE-4F1D-A530-29F17F2FC2DE}.AppStore|iPhone.ActiveCfg = AppStore|iPhone
		{008D18B0-05CE-4F1D-A530-29F17F2FC2DE}.AppStore|iPhone.Build.0 = AppStore|iPhone
		{008D18B0-05CE-4F1D-A530-29F17F2FC2DE}.Debug|iPhone.ActiveCfg = Debug|iPhone
		{008D18B0-05CE-4F1D-A530-29F17F2FC2DE}.Debug|iPhone.Build.0 = Debug|iPhone
		{008D18B0-05CE-4F1D-A530-29F17F2FC2DE}.Debug|iPhoneSimulator.ActiveCfg = Debug|iPhoneSimulator
		{008D18B0-05CE-4F1D-A530-29F17F2FC2DE}.Debug|iPhoneSimulator.Build.0 = Debug|iPhoneSimulator
		{008D18B0-05CE-4F1D-A530-29F17F2FC2DE}.Release|iPhone.ActiveCfg = Release|iPhone
		{008D18B0-05CE-4F1D-A530-29F17F2FC2DE}.Release|iPhone.Build.0 = Release|iPhone
		{008D18B0-05CE-4F1D-A530-29F17F2FC2DE}.Release|iPhoneSimulator.ActiveCfg = Release|iPhoneSimulator
		{008D18B0-05CE-4F1D-A530-29F17F2FC2DE}.Release|iPhoneSimulator.Build.0 = Release|iPhoneSimulator
		{D2A9EDC9-B935-4059-95C5-3812D0C73FD9}.Ad-Hoc|iPhone.ActiveCfg = Release|Any CPU
		{D2A9EDC9-B935-4059-95C5-3812D0C73FD9}.Ad-Hoc|iPhone.Build.0 = Release|Any CPU
		{D2A9EDC9-B935-4059-95C5-3812D0C73FD9}.AppStore|iPhone.ActiveCfg = Release|Any CPU
		{D2A9EDC9-B935-4059-95C5-3812D0C73FD9}.AppStore|iPhone.Build.0 = Release|Any CPU
		{D2A9EDC9-B935-4059-95C5-3812D0C73FD9}.Debug|iPhone.ActiveCfg = Debug|Any CPU
		{D2A9EDC9-B935-4059-95C5-3812D0C73FD9}.Debug|iPhone.Build.0 = Debug|Any CPU
		{D2A9EDC9-B935-4059-95C5-3812D0C73FD9}.Debug|iPhoneSimulator.ActiveCfg = Debug|Any CPU
		{D2A9EDC9-B935-4059-95C5-3812D0C73FD9}.Debug|iPhoneSimulator.Build.0 = Debug|Any CPU
		{D2A9EDC9-B935-4059-95C5-3812D0C73FD9}.Release|iPhone.ActiveCfg = Release|Any CPU
		{D2A9EDC9-B935-4059-95C5-3812D0C73FD9}.Release|iPhone.Build.0 = Release|Any CPU
		{D2A9EDC9-B935-4059-95C5-3812D0C73FD9}.Release|iPhoneSimulator.ActiveCfg = Release|Any CPU
		{D2A9EDC9-B935-4059-95C5-3812D0C73FD9}.Release|iPhoneSimulator.Build.0 = Release|Any CPU
	EndGlobalSection
	GlobalSection(MonoDevelopProperties) = preSolution
		StartupItem = iBeaconMiniHack\iBeaconMiniHack.csproj
	EndGlobalSection
EndGlobal
