
Microsoft Visual Studio Solution File, Format Version 12.00
# Visual Studio 2012
Project("{D954291E-2A0B-460D-934E-DC6B0785DB48}") = "HuesMiniHack", "HuesMiniHack\HuesMiniHack.shproj", "{252E8734-2CF3-4F0F-83F4-2151DAF3682F}"
EndProject
Project("{FAE04EC0-301F-11D3-BF4B-00C04F79EFBC}") = "HuesMiniHack.iOS", "iOS\HuesMiniHack.iOS.csproj", "{2271D3B2-9830-4797-9D8B-69B8F3878123}"
EndProject
Project("{FAE04EC0-301F-11D3-BF4B-00C04F79EFBC}") = "HuesMiniHack.Droid", "Droid\HuesMiniHack.Droid.csproj", "{973A3DD8-7A46-4CB3-B261-D123AB4EF6E8}"
EndProject
Global
	GlobalSection(SolutionConfigurationPlatforms) = preSolution
		Debug|iPhoneSimulator = Debug|iPhoneSimulator
		Release|iPhone = Release|iPhone
		Release|iPhoneSimulator = Release|iPhoneSimulator
		Debug|iPhone = Debug|iPhone
		Debug|Any CPU = Debug|Any CPU
		Release|Any CPU = Release|Any CPU
	EndGlobalSection
	GlobalSection(ProjectConfigurationPlatforms) = postSolution
		{2271D3B2-9830-4797-9D8B-69B8F3878123}.Debug|iPhoneSimulator.ActiveCfg = Debug|iPhoneSimulator
		{2271D3B2-9830-4797-9D8B-69B8F3878123}.Debug|iPhoneSimulator.Build.0 = Debug|iPhoneSimulator
		{2271D3B2-9830-4797-9D8B-69B8F3878123}.Release|iPhone.ActiveCfg = Release|iPhone
		{2271D3B2-9830-4797-9D8B-69B8F3878123}.Release|iPhone.Build.0 = Release|iPhone
		{2271D3B2-9830-4797-9D8B-69B8F3878123}.Release|iPhoneSimulator.ActiveCfg = Release|iPhoneSimulator
		{2271D3B2-9830-4797-9D8B-69B8F3878123}.Release|iPhoneSimulator.Build.0 = Release|iPhoneSimulator
		{2271D3B2-9830-4797-9D8B-69B8F3878123}.Debug|iPhone.ActiveCfg = Debug|iPhone
		{2271D3B2-9830-4797-9D8B-69B8F3878123}.Debug|iPhone.Build.0 = Debug|iPhone
		{2271D3B2-9830-4797-9D8B-69B8F3878123}.Debug|Any CPU.ActiveCfg = Debug|iPhoneSimulator
		{2271D3B2-9830-4797-9D8B-69B8F3878123}.Debug|Any CPU.Build.0 = Debug|iPhoneSimulator
		{2271D3B2-9830-4797-9D8B-69B8F3878123}.Release|Any CPU.ActiveCfg = Release|iPhone
		{2271D3B2-9830-4797-9D8B-69B8F3878123}.Release|Any CPU.Build.0 = Release|iPhone
		{973A3DD8-7A46-4CB3-B261-D123AB4EF6E8}.Debug|iPhoneSimulator.ActiveCfg = Debug|Any CPU
		{973A3DD8-7A46-4CB3-B261-D123AB4EF6E8}.Debug|iPhoneSimulator.Build.0 = Debug|Any CPU
		{973A3DD8-7A46-4CB3-B261-D123AB4EF6E8}.Release|iPhone.ActiveCfg = Release|Any CPU
		{973A3DD8-7A46-4CB3-B261-D123AB4EF6E8}.Release|iPhone.Build.0 = Release|Any CPU
		{973A3DD8-7A46-4CB3-B261-D123AB4EF6E8}.Release|iPhoneSimulator.ActiveCfg = Release|Any CPU
		{973A3DD8-7A46-4CB3-B261-D123AB4EF6E8}.Release|iPhoneSimulator.Build.0 = Release|Any CPU
		{973A3DD8-7A46-4CB3-B261-D123AB4EF6E8}.Debug|iPhone.ActiveCfg = Debug|Any CPU
		{973A3DD8-7A46-4CB3-B261-D123AB4EF6E8}.Debug|iPhone.Build.0 = Debug|Any CPU
		{973A3DD8-7A46-4CB3-B261-D123AB4EF6E8}.Debug|Any CPU.ActiveCfg = Debug|Any CPU
		{973A3DD8-7A46-4CB3-B261-D123AB4EF6E8}.Debug|Any CPU.Build.0 = Debug|Any CPU
		{973A3DD8-7A46-4CB3-B261-D123AB4EF6E8}.Release|Any CPU.ActiveCfg = Release|Any CPU
		{973A3DD8-7A46-4CB3-B261-D123AB4EF6E8}.Release|Any CPU.Build.0 = Release|Any CPU
	EndGlobalSection
EndGlobal
