
Microsoft Visual Studio Solution File, Format Version 11.00
# Visual Studio 2010
Project("{FAE04EC0-301F-11D3-BF4B-00C04F79EFBC}") = "SQLCipherAppAndroid", "SQLCipherAppAndroid\SQLCipherAppAndroid.csproj", "{1F68DC5E-9923-43EE-8969-C4C8D202F3D2}"
EndProject
Project("{FAE04EC0-301F-11D3-BF4B-00C04F79EFBC}") = "SQLCipherAppiOS", "SQLCipherAppiOS\SQLCipherAppiOS.csproj", "{56817FD2-8D32-4689-849A-EFF56886BC1C}"
EndProject
Global
	GlobalSection(SolutionConfigurationPlatforms) = preSolution
		Debug|Any CPU = Debug|Any CPU
		Release|Any CPU = Release|Any CPU
		Debug|iPhoneSimulator = Debug|iPhoneSimulator
		Release|iPhoneSimulator = Release|iPhoneSimulator
		Debug|iPhone = Debug|iPhone
		Release|iPhone = Release|iPhone
		Ad-Hoc|iPhone = Ad-Hoc|iPhone
		AppStore|iPhone = AppStore|iPhone
	EndGlobalSection
	GlobalSection(ProjectConfigurationPlatforms) = postSolution
		{1F68DC5E-9923-43EE-8969-C4C8D202F3D2}.Ad-Hoc|iPhone.ActiveCfg = Debug|Any CPU
		{1F68DC5E-9923-43EE-8969-C4C8D202F3D2}.Ad-Hoc|iPhone.Build.0 = Debug|Any CPU
		{1F68DC5E-9923-43EE-8969-C4C8D202F3D2}.AppStore|iPhone.ActiveCfg = Debug|Any CPU
		{1F68DC5E-9923-43EE-8969-C4C8D202F3D2}.AppStore|iPhone.Build.0 = Debug|Any CPU
		{1F68DC5E-9923-43EE-8969-C4C8D202F3D2}.Debug|Any CPU.ActiveCfg = Debug|Any CPU
		{1F68DC5E-9923-43EE-8969-C4C8D202F3D2}.Debug|Any CPU.Build.0 = Debug|Any CPU
		{1F68DC5E-9923-43EE-8969-C4C8D202F3D2}.Debug|iPhone.ActiveCfg = Debug|Any CPU
		{1F68DC5E-9923-43EE-8969-C4C8D202F3D2}.Debug|iPhone.Build.0 = Debug|Any CPU
		{1F68DC5E-9923-43EE-8969-C4C8D202F3D2}.Debug|iPhoneSimulator.ActiveCfg = Debug|Any CPU
		{1F68DC5E-9923-43EE-8969-C4C8D202F3D2}.Debug|iPhoneSimulator.Build.0 = Debug|Any CPU
		{1F68DC5E-9923-43EE-8969-C4C8D202F3D2}.Release|Any CPU.ActiveCfg = Release|Any CPU
		{1F68DC5E-9923-43EE-8969-C4C8D202F3D2}.Release|Any CPU.Build.0 = Release|Any CPU
		{1F68DC5E-9923-43EE-8969-C4C8D202F3D2}.Release|iPhone.ActiveCfg = Release|Any CPU
		{1F68DC5E-9923-43EE-8969-C4C8D202F3D2}.Release|iPhone.Build.0 = Release|Any CPU
		{1F68DC5E-9923-43EE-8969-C4C8D202F3D2}.Release|iPhoneSimulator.ActiveCfg = Release|Any CPU
		{1F68DC5E-9923-43EE-8969-C4C8D202F3D2}.Release|iPhoneSimulator.Build.0 = Release|Any CPU
		{56817FD2-8D32-4689-849A-EFF56886BC1C}.Ad-Hoc|iPhone.ActiveCfg = Ad-Hoc|iPhone
		{56817FD2-8D32-4689-849A-EFF56886BC1C}.Ad-Hoc|iPhone.Build.0 = Ad-Hoc|iPhone
		{56817FD2-8D32-4689-849A-EFF56886BC1C}.AppStore|iPhone.ActiveCfg = AppStore|iPhone
		{56817FD2-8D32-4689-849A-EFF56886BC1C}.AppStore|iPhone.Build.0 = AppStore|iPhone
		{56817FD2-8D32-4689-849A-EFF56886BC1C}.Debug|Any CPU.ActiveCfg = Debug|iPhoneSimulator
		{56817FD2-8D32-4689-849A-EFF56886BC1C}.Debug|Any CPU.Build.0 = Debug|iPhoneSimulator
		{56817FD2-8D32-4689-849A-EFF56886BC1C}.Debug|iPhone.ActiveCfg = Debug|iPhone
		{56817FD2-8D32-4689-849A-EFF56886BC1C}.Debug|iPhone.Build.0 = Debug|iPhone
		{56817FD2-8D32-4689-849A-EFF56886BC1C}.Debug|iPhoneSimulator.ActiveCfg = Debug|iPhoneSimulator
		{56817FD2-8D32-4689-849A-EFF56886BC1C}.Debug|iPhoneSimulator.Build.0 = Debug|iPhoneSimulator
		{56817FD2-8D32-4689-849A-EFF56886BC1C}.Release|Any CPU.ActiveCfg = Release|iPhoneSimulator
		{56817FD2-8D32-4689-849A-EFF56886BC1C}.Release|Any CPU.Build.0 = Release|iPhoneSimulator
		{56817FD2-8D32-4689-849A-EFF56886BC1C}.Release|iPhone.ActiveCfg = Release|iPhone
		{56817FD2-8D32-4689-849A-EFF56886BC1C}.Release|iPhone.Build.0 = Release|iPhone
		{56817FD2-8D32-4689-849A-EFF56886BC1C}.Release|iPhoneSimulator.ActiveCfg = Release|iPhoneSimulator
		{56817FD2-8D32-4689-849A-EFF56886BC1C}.Release|iPhoneSimulator.Build.0 = Release|iPhoneSimulator
	EndGlobalSection
	GlobalSection(MonoDevelopProperties) = preSolution
		StartupItem = SQLCipherAppAndroid\SQLCipherAppAndroid.csproj
	EndGlobalSection
EndGlobal
