
Microsoft Visual Studio Solution File, Format Version 11.00
# Visual Studio 2010
Project("{FAE04EC0-301F-11D3-BF4B-00C04F79EFBC}") = "RadialProgress", "RadialProgress\RadialProgress.csproj", "{46A3B13D-1873-4DFE-AC4B-59FBC6D9DD8F}"
EndProject
Global
	GlobalSection(SolutionConfigurationPlatforms) = preSolution
		Debug|iPhoneSimulator = Debug|iPhoneSimulator
		Release|iPhoneSimulator = Release|iPhoneSimulator
		Debug|iPhone = Debug|iPhone
		Release|iPhone = Release|iPhone
		Ad-Hoc|iPhone = Ad-Hoc|iPhone
		AppStore|iPhone = AppStore|iPhone
	EndGlobalSection
	GlobalSection(ProjectConfigurationPlatforms) = postSolution
		{46A3B13D-1873-4DFE-AC4B-59FBC6D9DD8F}.Ad-Hoc|iPhone.ActiveCfg = Ad-Hoc|iPhone
		{46A3B13D-1873-4DFE-AC4B-59FBC6D9DD8F}.Ad-Hoc|iPhone.Build.0 = Ad-Hoc|iPhone
		{46A3B13D-1873-4DFE-AC4B-59FBC6D9DD8F}.AppStore|iPhone.ActiveCfg = AppStore|iPhone
		{46A3B13D-1873-4DFE-AC4B-59FBC6D9DD8F}.AppStore|iPhone.Build.0 = AppStore|iPhone
		{46A3B13D-1873-4DFE-AC4B-59FBC6D9DD8F}.Debug|iPhone.ActiveCfg = Debug|iPhone
		{46A3B13D-1873-4DFE-AC4B-59FBC6D9DD8F}.Debug|iPhone.Build.0 = Debug|iPhone
		{46A3B13D-1873-4DFE-AC4B-59FBC6D9DD8F}.Debug|iPhoneSimulator.ActiveCfg = Debug|iPhoneSimulator
		{46A3B13D-1873-4DFE-AC4B-59FBC6D9DD8F}.Debug|iPhoneSimulator.Build.0 = Debug|iPhoneSimulator
		{46A3B13D-1873-4DFE-AC4B-59FBC6D9DD8F}.Release|iPhone.ActiveCfg = Release|iPhone
		{46A3B13D-1873-4DFE-AC4B-59FBC6D9DD8F}.Release|iPhone.Build.0 = Release|iPhone
		{46A3B13D-1873-4DFE-AC4B-59FBC6D9DD8F}.Release|iPhoneSimulator.ActiveCfg = Release|iPhoneSimulator
		{46A3B13D-1873-4DFE-AC4B-59FBC6D9DD8F}.Release|iPhoneSimulator.Build.0 = Release|iPhoneSimulator
	EndGlobalSection
	GlobalSection(MonoDevelopProperties) = preSolution
		StartupItem = RadialProgress\RadialProgress.csproj
	EndGlobalSection
EndGlobal
