
Microsoft Visual Studio Solution File, Format Version 11.00
# Visual Studio 2010
Project("{FAE04EC0-301F-11D3-BF4B-00C04F79EFBC}") = "RadialProgress", "RadialProgress\RadialProgress.csproj", "{46A3B13D-1873-4DFE-AC4B-59FBC6D9DD8F}"
EndProject
Project("{FAE04EC0-301F-11D3-BF4B-00C04F79EFBC}") = "RadialProgressAndroid", "RadialProgressAndroid\RadialProgressAndroid.csproj", "{C657BD3D-3C3A-46B1-8ACF-9697E5E21725}"
EndProject
Global
	GlobalSection(SolutionConfigurationPlatforms) = preSolution
		Debug|iPhoneSimulator = Debug|iPhoneSimulator
		Release|iPhoneSimulator = Release|iPhoneSimulator
		Debug|iPhone = Debug|iPhone
		Release|iPhone = Release|iPhone
		Ad-Hoc|iPhone = Ad-Hoc|iPhone
		AppStore|iPhone = AppStore|iPhone
		Debug.Android|Any CPU = Debug.Android|Any CPU
		Release.Android|Any CPU = Release.Android|Any CPU
	EndGlobalSection
	GlobalSection(ProjectConfigurationPlatforms) = postSolution
		{46A3B13D-1873-4DFE-AC4B-59FBC6D9DD8F}.Ad-Hoc|iPhone.ActiveCfg = Ad-Hoc|iPhone
		{46A3B13D-1873-4DFE-AC4B-59FBC6D9DD8F}.Ad-Hoc|iPhone.Build.0 = Ad-Hoc|iPhone
		{46A3B13D-1873-4DFE-AC4B-59FBC6D9DD8F}.AppStore|iPhone.ActiveCfg = AppStore|iPhone
		{46A3B13D-1873-4DFE-AC4B-59FBC6D9DD8F}.AppStore|iPhone.Build.0 = AppStore|iPhone
		{46A3B13D-1873-4DFE-AC4B-59FBC6D9DD8F}.Debug.Android|Any CPU.ActiveCfg = Debug.Android|Any CPU
		{46A3B13D-1873-4DFE-AC4B-59FBC6D9DD8F}.Debug|iPhone.ActiveCfg = Debug|iPhone
		{46A3B13D-1873-4DFE-AC4B-59FBC6D9DD8F}.Debug|iPhone.Build.0 = Debug|iPhone
		{46A3B13D-1873-4DFE-AC4B-59FBC6D9DD8F}.Debug|iPhoneSimulator.ActiveCfg = Debug|iPhoneSimulator
		{46A3B13D-1873-4DFE-AC4B-59FBC6D9DD8F}.Debug|iPhoneSimulator.Build.0 = Debug|iPhoneSimulator
		{46A3B13D-1873-4DFE-AC4B-59FBC6D9DD8F}.Release.Android|Any CPU.ActiveCfg = Release.Android|Any CPU
		{46A3B13D-1873-4DFE-AC4B-59FBC6D9DD8F}.Release|iPhone.ActiveCfg = Release|iPhone
		{46A3B13D-1873-4DFE-AC4B-59FBC6D9DD8F}.Release|iPhone.Build.0 = Release|iPhone
		{46A3B13D-1873-4DFE-AC4B-59FBC6D9DD8F}.Release|iPhoneSimulator.ActiveCfg = Release|iPhoneSimulator
		{46A3B13D-1873-4DFE-AC4B-59FBC6D9DD8F}.Release|iPhoneSimulator.Build.0 = Release|iPhoneSimulator
		{C657BD3D-3C3A-46B1-8ACF-9697E5E21725}.Ad-Hoc|iPhone.ActiveCfg = Release|Any CPU
		{C657BD3D-3C3A-46B1-8ACF-9697E5E21725}.AppStore|iPhone.ActiveCfg = Release|Any CPU
		{C657BD3D-3C3A-46B1-8ACF-9697E5E21725}.Debug.Android|Any CPU.ActiveCfg = Debug.Android|Any CPU
		{C657BD3D-3C3A-46B1-8ACF-9697E5E21725}.Debug.Android|Any CPU.Build.0 = Debug.Android|Any CPU
		{C657BD3D-3C3A-46B1-8ACF-9697E5E21725}.Debug|iPhone.ActiveCfg = Debug|Any CPU
		{C657BD3D-3C3A-46B1-8ACF-9697E5E21725}.Debug|iPhoneSimulator.ActiveCfg = Debug|Any CPU
		{C657BD3D-3C3A-46B1-8ACF-9697E5E21725}.Release.Android|Any CPU.ActiveCfg = Release.Android|Any CPU
		{C657BD3D-3C3A-46B1-8ACF-9697E5E21725}.Release.Android|Any CPU.Build.0 = Release.Android|Any CPU
		{C657BD3D-3C3A-46B1-8ACF-9697E5E21725}.Release|iPhone.ActiveCfg = Release|Any CPU
		{C657BD3D-3C3A-46B1-8ACF-9697E5E21725}.Release|iPhoneSimulator.ActiveCfg = Release|Any CPU
	EndGlobalSection
	GlobalSection(MonoDevelopProperties) = preSolution
		StartupItem = RadialProgress\RadialProgress.csproj
	EndGlobalSection
EndGlobal
