
Microsoft Visual Studio Solution File, Format Version 11.00
# Visual Studio 2010
Project("{FAE04EC0-301F-11D3-BF4B-00C04F79EFBC}") = "RadialProgressiOS", "RadialProgressiOS\RadialProgressiOS.csproj", "{68C634F1-3EA6-4B0F-B575-6FE0042F97D9}"
EndProject
Global
	GlobalSection(SolutionConfigurationPlatforms) = preSolution
		Debug|iPhoneSimulator = Debug|iPhoneSimulator
		Release|iPhoneSimulator = Release|iPhoneSimulator
		Debug|iPhone = Debug|iPhone
		Release|iPhone = Release|iPhone
		Ad-Hoc|iPhone = Ad-Hoc|iPhone
		AppStore|iPhone = AppStore|iPhone
	EndGlobalSection
	GlobalSection(ProjectConfigurationPlatforms) = postSolution
		{68C634F1-3EA6-4B0F-B575-6FE0042F97D9}.Ad-Hoc|iPhone.ActiveCfg = Ad-Hoc|iPhone
		{68C634F1-3EA6-4B0F-B575-6FE0042F97D9}.Ad-Hoc|iPhone.Build.0 = Ad-Hoc|iPhone
		{68C634F1-3EA6-4B0F-B575-6FE0042F97D9}.AppStore|iPhone.ActiveCfg = AppStore|iPhone
		{68C634F1-3EA6-4B0F-B575-6FE0042F97D9}.AppStore|iPhone.Build.0 = AppStore|iPhone
		{68C634F1-3EA6-4B0F-B575-6FE0042F97D9}.Debug|iPhone.ActiveCfg = Debug|iPhone
		{68C634F1-3EA6-4B0F-B575-6FE0042F97D9}.Debug|iPhone.Build.0 = Debug|iPhone
		{68C634F1-3EA6-4B0F-B575-6FE0042F97D9}.Debug|iPhoneSimulator.ActiveCfg = Debug|iPhoneSimulator
		{68C634F1-3EA6-4B0F-B575-6FE0042F97D9}.Debug|iPhoneSimulator.Build.0 = Debug|iPhoneSimulator
		{68C634F1-3EA6-4B0F-B575-6FE0042F97D9}.Release|iPhone.ActiveCfg = Release|iPhone
		{68C634F1-3EA6-4B0F-B575-6FE0042F97D9}.Release|iPhone.Build.0 = Release|iPhone
		{68C634F1-3EA6-4B0F-B575-6FE0042F97D9}.Release|iPhoneSimulator.ActiveCfg = Release|iPhoneSimulator
		{68C634F1-3EA6-4B0F-B575-6FE0042F97D9}.Release|iPhoneSimulator.Build.0 = Release|iPhoneSimulator
	EndGlobalSection
	GlobalSection(MonoDevelopProperties) = preSolution
		StartupItem = RadialProgressiOS\RadialProgressiOS.csproj
	EndGlobalSection
EndGlobal
