
Microsoft Visual Studio Solution File, Format Version 12.00
# Visual Studio 14
VisualStudioVersion = 14.0.25123.0
MinimumVisualStudioVersion = 10.0.40219.1
Project("{FAE04EC0-301F-11D3-BF4B-00C04F79EFBC}") = "EvolveApp.Droid", "EvolveApp\EvolveApp.Droid\EvolveApp.Droid.csproj", "{7AAC044C-A225-49E5-8574-D33BF77AA914}"
EndProject
Project("{FAE04EC0-301F-11D3-BF4B-00C04F79EFBC}") = "EvolveApp.iOS", "EvolveApp\EvolveApp.iOS\EvolveApp.iOS.csproj", "{09542E38-455E-4DD3-BA3D-B458AE4B5EE5}"
EndProject
Project("{FAE04EC0-301F-11D3-BF4B-00C04F79EFBC}") = "EvolveApp", "EvolveApp\EvolveApp\EvolveApp.csproj", "{A83CCC0F-B250-4836-83FF-53BB92F50419}"
EndProject
Project("{FAE04EC0-301F-11D3-BF4B-00C04F79EFBC}") = "Console", "Console\Console.csproj", "{38351A25-F27F-4E82-979B-64E0A1A7C350}"
EndProject
Project("{D954291E-2A0B-460D-934E-DC6B0785DB48}") = "Shared", "Shared\Shared.shproj", "{DC143881-0F02-45F4-B93B-CF5D655A9C6E}"
EndProject
Project("{FAE04EC0-301F-11D3-BF4B-00C04F79EFBC}") = "EvolveApp.WinPhone", "EvolveApp\EvolveApp.WinPhone\EvolveApp.WinPhone.csproj", "{96CF49BA-A49E-4660-B1C1-09DAC74D5744}"
EndProject
Project("{FAE04EC0-301F-11D3-BF4B-00C04F79EFBC}") = "EvolveApp.UWP", "EvolveApp\EvolveApp.UWP\EvolveApp.UWP.csproj", "{499F7256-2973-4D3C-A3D6-4C1E2C2CE82A}"
EndProject
Project("{FAE04EC0-301F-11D3-BF4B-00C04F79EFBC}") = "EvolveApp.Windows", "EvolveApp\EvolveApp.Windows\EvolveApp.Windows.csproj", "{D52E9BDE-EF7F-480F-9C83-7CE7DDE803E3}"
EndProject
Project("{FAE04EC0-301F-11D3-BF4B-00C04F79EFBC}") = "Particle", "..\..\particle-xamarin\Particle\Particle.csproj", "{A6E8BFFA-840F-4078-88F4-D4179C23382F}"
EndProject
Global
	GlobalSection(SharedMSBuildProjectFiles) = preSolution
		Shared\Shared.projitems*{09542e38-455e-4dd3-ba3d-b458ae4b5ee5}*SharedItemsImports = 4
		Shared\Shared.projitems*{7aac044c-a225-49e5-8574-d33bf77aa914}*SharedItemsImports = 4
		Shared\Shared.projitems*{dc143881-0f02-45f4-b93b-cf5d655a9c6e}*SharedItemsImports = 13
		Shared\Shared.projitems*{499f7256-2973-4d3c-a3d6-4c1e2c2ce82a}*SharedItemsImports = 4
	EndGlobalSection
	GlobalSection(SolutionConfigurationPlatforms) = preSolution
		Ad-Hoc|Any CPU = Ad-Hoc|Any CPU
		Ad-Hoc|ARM = Ad-Hoc|ARM
		Ad-Hoc|iPhone = Ad-Hoc|iPhone
		Ad-Hoc|iPhoneSimulator = Ad-Hoc|iPhoneSimulator
		Ad-Hoc|x64 = Ad-Hoc|x64
		Ad-Hoc|x86 = Ad-Hoc|x86
		AppStore|Any CPU = AppStore|Any CPU
		AppStore|ARM = AppStore|ARM
		AppStore|iPhone = AppStore|iPhone
		AppStore|iPhoneSimulator = AppStore|iPhoneSimulator
		AppStore|x64 = AppStore|x64
		AppStore|x86 = AppStore|x86
		Debug|Any CPU = Debug|Any CPU
		Debug|ARM = Debug|ARM
		Debug|iPhone = Debug|iPhone
		Debug|iPhoneSimulator = Debug|iPhoneSimulator
		Debug|x64 = Debug|x64
		Debug|x86 = Debug|x86
		Release|Any CPU = Release|Any CPU
		Release|ARM = Release|ARM
		Release|iPhone = Release|iPhone
		Release|iPhoneSimulator = Release|iPhoneSimulator
		Release|x64 = Release|x64
		Release|x86 = Release|x86
	EndGlobalSection
	GlobalSection(ProjectConfigurationPlatforms) = postSolution
		{7AAC044C-A225-49E5-8574-D33BF77AA914}.Ad-Hoc|Any CPU.ActiveCfg = Release|Any CPU
		{7AAC044C-A225-49E5-8574-D33BF77AA914}.Ad-Hoc|Any CPU.Build.0 = Release|Any CPU
		{7AAC044C-A225-49E5-8574-D33BF77AA914}.Ad-Hoc|Any CPU.Deploy.0 = Release|Any CPU
		{7AAC044C-A225-49E5-8574-D33BF77AA914}.Ad-Hoc|ARM.ActiveCfg = Release|Any CPU
		{7AAC044C-A225-49E5-8574-D33BF77AA914}.Ad-Hoc|ARM.Build.0 = Release|Any CPU
		{7AAC044C-A225-49E5-8574-D33BF77AA914}.Ad-Hoc|ARM.Deploy.0 = Release|Any CPU
		{7AAC044C-A225-49E5-8574-D33BF77AA914}.Ad-Hoc|iPhone.ActiveCfg = Release|Any CPU
		{7AAC044C-A225-49E5-8574-D33BF77AA914}.Ad-Hoc|iPhone.Build.0 = Release|Any CPU
		{7AAC044C-A225-49E5-8574-D33BF77AA914}.Ad-Hoc|iPhone.Deploy.0 = Release|Any CPU
		{7AAC044C-A225-49E5-8574-D33BF77AA914}.Ad-Hoc|iPhoneSimulator.ActiveCfg = Release|Any CPU
		{7AAC044C-A225-49E5-8574-D33BF77AA914}.Ad-Hoc|iPhoneSimulator.Build.0 = Release|Any CPU
		{7AAC044C-A225-49E5-8574-D33BF77AA914}.Ad-Hoc|iPhoneSimulator.Deploy.0 = Release|Any CPU
		{7AAC044C-A225-49E5-8574-D33BF77AA914}.Ad-Hoc|x64.ActiveCfg = Release|Any CPU
		{7AAC044C-A225-49E5-8574-D33BF77AA914}.Ad-Hoc|x64.Build.0 = Release|Any CPU
		{7AAC044C-A225-49E5-8574-D33BF77AA914}.Ad-Hoc|x64.Deploy.0 = Release|Any CPU
		{7AAC044C-A225-49E5-8574-D33BF77AA914}.Ad-Hoc|x86.ActiveCfg = Release|Any CPU
		{7AAC044C-A225-49E5-8574-D33BF77AA914}.Ad-Hoc|x86.Build.0 = Release|Any CPU
		{7AAC044C-A225-49E5-8574-D33BF77AA914}.Ad-Hoc|x86.Deploy.0 = Release|Any CPU
		{7AAC044C-A225-49E5-8574-D33BF77AA914}.AppStore|Any CPU.ActiveCfg = Release|Any CPU
		{7AAC044C-A225-49E5-8574-D33BF77AA914}.AppStore|Any CPU.Build.0 = Release|Any CPU
		{7AAC044C-A225-49E5-8574-D33BF77AA914}.AppStore|Any CPU.Deploy.0 = Release|Any CPU
		{7AAC044C-A225-49E5-8574-D33BF77AA914}.AppStore|ARM.ActiveCfg = Release|Any CPU
		{7AAC044C-A225-49E5-8574-D33BF77AA914}.AppStore|ARM.Build.0 = Release|Any CPU
		{7AAC044C-A225-49E5-8574-D33BF77AA914}.AppStore|ARM.Deploy.0 = Release|Any CPU
		{7AAC044C-A225-49E5-8574-D33BF77AA914}.AppStore|iPhone.ActiveCfg = Release|Any CPU
		{7AAC044C-A225-49E5-8574-D33BF77AA914}.AppStore|iPhone.Build.0 = Release|Any CPU
		{7AAC044C-A225-49E5-8574-D33BF77AA914}.AppStore|iPhone.Deploy.0 = Release|Any CPU
		{7AAC044C-A225-49E5-8574-D33BF77AA914}.AppStore|iPhoneSimulator.ActiveCfg = Release|Any CPU
		{7AAC044C-A225-49E5-8574-D33BF77AA914}.AppStore|iPhoneSimulator.Build.0 = Release|Any CPU
		{7AAC044C-A225-49E5-8574-D33BF77AA914}.AppStore|iPhoneSimulator.Deploy.0 = Release|Any CPU
		{7AAC044C-A225-49E5-8574-D33BF77AA914}.AppStore|x64.ActiveCfg = Release|Any CPU
		{7AAC044C-A225-49E5-8574-D33BF77AA914}.AppStore|x64.Build.0 = Release|Any CPU
		{7AAC044C-A225-49E5-8574-D33BF77AA914}.AppStore|x64.Deploy.0 = Release|Any CPU
		{7AAC044C-A225-49E5-8574-D33BF77AA914}.AppStore|x86.ActiveCfg = Release|Any CPU
		{7AAC044C-A225-49E5-8574-D33BF77AA914}.AppStore|x86.Build.0 = Release|Any CPU
		{7AAC044C-A225-49E5-8574-D33BF77AA914}.AppStore|x86.Deploy.0 = Release|Any CPU
		{7AAC044C-A225-49E5-8574-D33BF77AA914}.Debug|Any CPU.ActiveCfg = Debug|Any CPU
		{7AAC044C-A225-49E5-8574-D33BF77AA914}.Debug|Any CPU.Build.0 = Debug|Any CPU
		{7AAC044C-A225-49E5-8574-D33BF77AA914}.Debug|Any CPU.Deploy.0 = Debug|Any CPU
		{7AAC044C-A225-49E5-8574-D33BF77AA914}.Debug|ARM.ActiveCfg = Debug|Any CPU
		{7AAC044C-A225-49E5-8574-D33BF77AA914}.Debug|ARM.Build.0 = Debug|Any CPU
		{7AAC044C-A225-49E5-8574-D33BF77AA914}.Debug|ARM.Deploy.0 = Debug|Any CPU
		{7AAC044C-A225-49E5-8574-D33BF77AA914}.Debug|iPhone.ActiveCfg = Debug|Any CPU
		{7AAC044C-A225-49E5-8574-D33BF77AA914}.Debug|iPhone.Build.0 = Debug|Any CPU
		{7AAC044C-A225-49E5-8574-D33BF77AA914}.Debug|iPhone.Deploy.0 = Debug|Any CPU
		{7AAC044C-A225-49E5-8574-D33BF77AA914}.Debug|iPhoneSimulator.ActiveCfg = Debug|Any CPU
		{7AAC044C-A225-49E5-8574-D33BF77AA914}.Debug|iPhoneSimulator.Build.0 = Debug|Any CPU
		{7AAC044C-A225-49E5-8574-D33BF77AA914}.Debug|iPhoneSimulator.Deploy.0 = Debug|Any CPU
		{7AAC044C-A225-49E5-8574-D33BF77AA914}.Debug|x64.ActiveCfg = Debug|Any CPU
		{7AAC044C-A225-49E5-8574-D33BF77AA914}.Debug|x64.Build.0 = Debug|Any CPU
		{7AAC044C-A225-49E5-8574-D33BF77AA914}.Debug|x64.Deploy.0 = Debug|Any CPU
		{7AAC044C-A225-49E5-8574-D33BF77AA914}.Debug|x86.ActiveCfg = Debug|Any CPU
		{7AAC044C-A225-49E5-8574-D33BF77AA914}.Debug|x86.Build.0 = Debug|Any CPU
		{7AAC044C-A225-49E5-8574-D33BF77AA914}.Debug|x86.Deploy.0 = Debug|Any CPU
		{7AAC044C-A225-49E5-8574-D33BF77AA914}.Release|Any CPU.ActiveCfg = Release|Any CPU
		{7AAC044C-A225-49E5-8574-D33BF77AA914}.Release|Any CPU.Build.0 = Release|Any CPU
		{7AAC044C-A225-49E5-8574-D33BF77AA914}.Release|Any CPU.Deploy.0 = Release|Any CPU
		{7AAC044C-A225-49E5-8574-D33BF77AA914}.Release|ARM.ActiveCfg = Release|Any CPU
		{7AAC044C-A225-49E5-8574-D33BF77AA914}.Release|ARM.Build.0 = Release|Any CPU
		{7AAC044C-A225-49E5-8574-D33BF77AA914}.Release|ARM.Deploy.0 = Release|Any CPU
		{7AAC044C-A225-49E5-8574-D33BF77AA914}.Release|iPhone.ActiveCfg = Release|Any CPU
		{7AAC044C-A225-49E5-8574-D33BF77AA914}.Release|iPhone.Build.0 = Release|Any CPU
		{7AAC044C-A225-49E5-8574-D33BF77AA914}.Release|iPhone.Deploy.0 = Release|Any CPU
		{7AAC044C-A225-49E5-8574-D33BF77AA914}.Release|iPhoneSimulator.ActiveCfg = Release|Any CPU
		{7AAC044C-A225-49E5-8574-D33BF77AA914}.Release|iPhoneSimulator.Build.0 = Release|Any CPU
		{7AAC044C-A225-49E5-8574-D33BF77AA914}.Release|iPhoneSimulator.Deploy.0 = Release|Any CPU
		{7AAC044C-A225-49E5-8574-D33BF77AA914}.Release|x64.ActiveCfg = Release|Any CPU
		{7AAC044C-A225-49E5-8574-D33BF77AA914}.Release|x64.Build.0 = Release|Any CPU
		{7AAC044C-A225-49E5-8574-D33BF77AA914}.Release|x64.Deploy.0 = Release|Any CPU
		{7AAC044C-A225-49E5-8574-D33BF77AA914}.Release|x86.ActiveCfg = Release|Any CPU
		{7AAC044C-A225-49E5-8574-D33BF77AA914}.Release|x86.Build.0 = Release|Any CPU
		{7AAC044C-A225-49E5-8574-D33BF77AA914}.Release|x86.Deploy.0 = Release|Any CPU
		{09542E38-455E-4DD3-BA3D-B458AE4B5EE5}.Ad-Hoc|Any CPU.ActiveCfg = Ad-Hoc|iPhone
		{09542E38-455E-4DD3-BA3D-B458AE4B5EE5}.Ad-Hoc|ARM.ActiveCfg = Ad-Hoc|iPhone
		{09542E38-455E-4DD3-BA3D-B458AE4B5EE5}.Ad-Hoc|iPhone.ActiveCfg = Ad-Hoc|iPhone
		{09542E38-455E-4DD3-BA3D-B458AE4B5EE5}.Ad-Hoc|iPhone.Build.0 = Ad-Hoc|iPhone
		{09542E38-455E-4DD3-BA3D-B458AE4B5EE5}.Ad-Hoc|iPhoneSimulator.ActiveCfg = Ad-Hoc|iPhoneSimulator
		{09542E38-455E-4DD3-BA3D-B458AE4B5EE5}.Ad-Hoc|iPhoneSimulator.Build.0 = Ad-Hoc|iPhoneSimulator
		{09542E38-455E-4DD3-BA3D-B458AE4B5EE5}.Ad-Hoc|x64.ActiveCfg = Ad-Hoc|iPhone
		{09542E38-455E-4DD3-BA3D-B458AE4B5EE5}.Ad-Hoc|x86.ActiveCfg = Ad-Hoc|iPhone
		{09542E38-455E-4DD3-BA3D-B458AE4B5EE5}.AppStore|Any CPU.ActiveCfg = AppStore|iPhone
		{09542E38-455E-4DD3-BA3D-B458AE4B5EE5}.AppStore|ARM.ActiveCfg = AppStore|iPhone
		{09542E38-455E-4DD3-BA3D-B458AE4B5EE5}.AppStore|iPhone.ActiveCfg = AppStore|iPhone
		{09542E38-455E-4DD3-BA3D-B458AE4B5EE5}.AppStore|iPhone.Build.0 = AppStore|iPhone
		{09542E38-455E-4DD3-BA3D-B458AE4B5EE5}.AppStore|iPhoneSimulator.ActiveCfg = AppStore|iPhoneSimulator
		{09542E38-455E-4DD3-BA3D-B458AE4B5EE5}.AppStore|iPhoneSimulator.Build.0 = AppStore|iPhoneSimulator
		{09542E38-455E-4DD3-BA3D-B458AE4B5EE5}.AppStore|x64.ActiveCfg = AppStore|iPhone
		{09542E38-455E-4DD3-BA3D-B458AE4B5EE5}.AppStore|x86.ActiveCfg = AppStore|iPhone
		{09542E38-455E-4DD3-BA3D-B458AE4B5EE5}.Debug|Any CPU.ActiveCfg = Debug|iPhone
		{09542E38-455E-4DD3-BA3D-B458AE4B5EE5}.Debug|ARM.ActiveCfg = Debug|iPhone
		{09542E38-455E-4DD3-BA3D-B458AE4B5EE5}.Debug|iPhone.ActiveCfg = Debug|iPhone
		{09542E38-455E-4DD3-BA3D-B458AE4B5EE5}.Debug|iPhone.Build.0 = Debug|iPhone
		{09542E38-455E-4DD3-BA3D-B458AE4B5EE5}.Debug|iPhoneSimulator.ActiveCfg = Debug|iPhoneSimulator
		{09542E38-455E-4DD3-BA3D-B458AE4B5EE5}.Debug|iPhoneSimulator.Build.0 = Debug|iPhoneSimulator
		{09542E38-455E-4DD3-BA3D-B458AE4B5EE5}.Debug|x64.ActiveCfg = Debug|iPhone
		{09542E38-455E-4DD3-BA3D-B458AE4B5EE5}.Debug|x86.ActiveCfg = Debug|iPhone
		{09542E38-455E-4DD3-BA3D-B458AE4B5EE5}.Release|Any CPU.ActiveCfg = Release|iPhone
		{09542E38-455E-4DD3-BA3D-B458AE4B5EE5}.Release|ARM.ActiveCfg = Release|iPhone
		{09542E38-455E-4DD3-BA3D-B458AE4B5EE5}.Release|iPhone.ActiveCfg = Release|iPhone
		{09542E38-455E-4DD3-BA3D-B458AE4B5EE5}.Release|iPhone.Build.0 = Release|iPhone
		{09542E38-455E-4DD3-BA3D-B458AE4B5EE5}.Release|iPhoneSimulator.ActiveCfg = Release|iPhoneSimulator
		{09542E38-455E-4DD3-BA3D-B458AE4B5EE5}.Release|iPhoneSimulator.Build.0 = Release|iPhoneSimulator
		{09542E38-455E-4DD3-BA3D-B458AE4B5EE5}.Release|x64.ActiveCfg = Release|iPhone
		{09542E38-455E-4DD3-BA3D-B458AE4B5EE5}.Release|x86.ActiveCfg = Release|iPhone
		{A83CCC0F-B250-4836-83FF-53BB92F50419}.Ad-Hoc|Any CPU.ActiveCfg = Release|Any CPU
		{A83CCC0F-B250-4836-83FF-53BB92F50419}.Ad-Hoc|Any CPU.Build.0 = Release|Any CPU
		{A83CCC0F-B250-4836-83FF-53BB92F50419}.Ad-Hoc|ARM.ActiveCfg = Release|Any CPU
		{A83CCC0F-B250-4836-83FF-53BB92F50419}.Ad-Hoc|ARM.Build.0 = Release|Any CPU
		{A83CCC0F-B250-4836-83FF-53BB92F50419}.Ad-Hoc|iPhone.ActiveCfg = Release|Any CPU
		{A83CCC0F-B250-4836-83FF-53BB92F50419}.Ad-Hoc|iPhone.Build.0 = Release|Any CPU
		{A83CCC0F-B250-4836-83FF-53BB92F50419}.Ad-Hoc|iPhoneSimulator.ActiveCfg = Release|Any CPU
		{A83CCC0F-B250-4836-83FF-53BB92F50419}.Ad-Hoc|iPhoneSimulator.Build.0 = Release|Any CPU
		{A83CCC0F-B250-4836-83FF-53BB92F50419}.Ad-Hoc|x64.ActiveCfg = Release|Any CPU
		{A83CCC0F-B250-4836-83FF-53BB92F50419}.Ad-Hoc|x64.Build.0 = Release|Any CPU
		{A83CCC0F-B250-4836-83FF-53BB92F50419}.Ad-Hoc|x86.ActiveCfg = Release|Any CPU
		{A83CCC0F-B250-4836-83FF-53BB92F50419}.Ad-Hoc|x86.Build.0 = Release|Any CPU
		{A83CCC0F-B250-4836-83FF-53BB92F50419}.AppStore|Any CPU.ActiveCfg = Release|Any CPU
		{A83CCC0F-B250-4836-83FF-53BB92F50419}.AppStore|Any CPU.Build.0 = Release|Any CPU
		{A83CCC0F-B250-4836-83FF-53BB92F50419}.AppStore|ARM.ActiveCfg = Release|Any CPU
		{A83CCC0F-B250-4836-83FF-53BB92F50419}.AppStore|ARM.Build.0 = Release|Any CPU
		{A83CCC0F-B250-4836-83FF-53BB92F50419}.AppStore|iPhone.ActiveCfg = Release|Any CPU
		{A83CCC0F-B250-4836-83FF-53BB92F50419}.AppStore|iPhone.Build.0 = Release|Any CPU
		{A83CCC0F-B250-4836-83FF-53BB92F50419}.AppStore|iPhoneSimulator.ActiveCfg = Release|Any CPU
		{A83CCC0F-B250-4836-83FF-53BB92F50419}.AppStore|iPhoneSimulator.Build.0 = Release|Any CPU
		{A83CCC0F-B250-4836-83FF-53BB92F50419}.AppStore|x64.ActiveCfg = Release|Any CPU
		{A83CCC0F-B250-4836-83FF-53BB92F50419}.AppStore|x64.Build.0 = Release|Any CPU
		{A83CCC0F-B250-4836-83FF-53BB92F50419}.AppStore|x86.ActiveCfg = Release|Any CPU
		{A83CCC0F-B250-4836-83FF-53BB92F50419}.AppStore|x86.Build.0 = Release|Any CPU
		{A83CCC0F-B250-4836-83FF-53BB92F50419}.Debug|Any CPU.ActiveCfg = Debug|Any CPU
		{A83CCC0F-B250-4836-83FF-53BB92F50419}.Debug|Any CPU.Build.0 = Debug|Any CPU
		{A83CCC0F-B250-4836-83FF-53BB92F50419}.Debug|ARM.ActiveCfg = Debug|Any CPU
		{A83CCC0F-B250-4836-83FF-53BB92F50419}.Debug|ARM.Build.0 = Debug|Any CPU
		{A83CCC0F-B250-4836-83FF-53BB92F50419}.Debug|iPhone.ActiveCfg = Debug|Any CPU
		{A83CCC0F-B250-4836-83FF-53BB92F50419}.Debug|iPhone.Build.0 = Debug|Any CPU
		{A83CCC0F-B250-4836-83FF-53BB92F50419}.Debug|iPhoneSimulator.ActiveCfg = Debug|Any CPU
		{A83CCC0F-B250-4836-83FF-53BB92F50419}.Debug|iPhoneSimulator.Build.0 = Debug|Any CPU
		{A83CCC0F-B250-4836-83FF-53BB92F50419}.Debug|x64.ActiveCfg = Debug|Any CPU
		{A83CCC0F-B250-4836-83FF-53BB92F50419}.Debug|x64.Build.0 = Debug|Any CPU
		{A83CCC0F-B250-4836-83FF-53BB92F50419}.Debug|x86.ActiveCfg = Debug|Any CPU
		{A83CCC0F-B250-4836-83FF-53BB92F50419}.Debug|x86.Build.0 = Debug|Any CPU
		{A83CCC0F-B250-4836-83FF-53BB92F50419}.Release|Any CPU.ActiveCfg = Release|Any CPU
		{A83CCC0F-B250-4836-83FF-53BB92F50419}.Release|Any CPU.Build.0 = Release|Any CPU
		{A83CCC0F-B250-4836-83FF-53BB92F50419}.Release|ARM.ActiveCfg = Release|Any CPU
		{A83CCC0F-B250-4836-83FF-53BB92F50419}.Release|ARM.Build.0 = Release|Any CPU
		{A83CCC0F-B250-4836-83FF-53BB92F50419}.Release|iPhone.ActiveCfg = Release|Any CPU
		{A83CCC0F-B250-4836-83FF-53BB92F50419}.Release|iPhone.Build.0 = Release|Any CPU
		{A83CCC0F-B250-4836-83FF-53BB92F50419}.Release|iPhoneSimulator.ActiveCfg = Release|Any CPU
		{A83CCC0F-B250-4836-83FF-53BB92F50419}.Release|iPhoneSimulator.Build.0 = Release|Any CPU
		{A83CCC0F-B250-4836-83FF-53BB92F50419}.Release|x64.ActiveCfg = Release|Any CPU
		{A83CCC0F-B250-4836-83FF-53BB92F50419}.Release|x64.Build.0 = Release|Any CPU
		{A83CCC0F-B250-4836-83FF-53BB92F50419}.Release|x86.ActiveCfg = Release|Any CPU
		{A83CCC0F-B250-4836-83FF-53BB92F50419}.Release|x86.Build.0 = Release|Any CPU
		{38351A25-F27F-4E82-979B-64E0A1A7C350}.Ad-Hoc|Any CPU.ActiveCfg = Debug|iPhoneSimulator
		{38351A25-F27F-4E82-979B-64E0A1A7C350}.Ad-Hoc|Any CPU.Build.0 = Debug|iPhoneSimulator
		{38351A25-F27F-4E82-979B-64E0A1A7C350}.Ad-Hoc|ARM.ActiveCfg = Debug|iPhoneSimulator
		{38351A25-F27F-4E82-979B-64E0A1A7C350}.Ad-Hoc|ARM.Build.0 = Debug|iPhoneSimulator
		{38351A25-F27F-4E82-979B-64E0A1A7C350}.Ad-Hoc|iPhone.ActiveCfg = Debug|iPhoneSimulator
		{38351A25-F27F-4E82-979B-64E0A1A7C350}.Ad-Hoc|iPhone.Build.0 = Debug|iPhoneSimulator
		{38351A25-F27F-4E82-979B-64E0A1A7C350}.Ad-Hoc|iPhoneSimulator.ActiveCfg = Debug|iPhoneSimulator
		{38351A25-F27F-4E82-979B-64E0A1A7C350}.Ad-Hoc|iPhoneSimulator.Build.0 = Debug|iPhoneSimulator
		{38351A25-F27F-4E82-979B-64E0A1A7C350}.Ad-Hoc|x64.ActiveCfg = Debug|iPhoneSimulator
		{38351A25-F27F-4E82-979B-64E0A1A7C350}.Ad-Hoc|x64.Build.0 = Debug|iPhoneSimulator
		{38351A25-F27F-4E82-979B-64E0A1A7C350}.Ad-Hoc|x86.ActiveCfg = Debug|iPhoneSimulator
		{38351A25-F27F-4E82-979B-64E0A1A7C350}.Ad-Hoc|x86.Build.0 = Debug|iPhoneSimulator
		{38351A25-F27F-4E82-979B-64E0A1A7C350}.AppStore|Any CPU.ActiveCfg = Debug|iPhoneSimulator
		{38351A25-F27F-4E82-979B-64E0A1A7C350}.AppStore|Any CPU.Build.0 = Debug|iPhoneSimulator
		{38351A25-F27F-4E82-979B-64E0A1A7C350}.AppStore|ARM.ActiveCfg = Debug|iPhoneSimulator
		{38351A25-F27F-4E82-979B-64E0A1A7C350}.AppStore|ARM.Build.0 = Debug|iPhoneSimulator
		{38351A25-F27F-4E82-979B-64E0A1A7C350}.AppStore|iPhone.ActiveCfg = Debug|iPhoneSimulator
		{38351A25-F27F-4E82-979B-64E0A1A7C350}.AppStore|iPhone.Build.0 = Debug|iPhoneSimulator
		{38351A25-F27F-4E82-979B-64E0A1A7C350}.AppStore|iPhoneSimulator.ActiveCfg = Debug|iPhoneSimulator
		{38351A25-F27F-4E82-979B-64E0A1A7C350}.AppStore|iPhoneSimulator.Build.0 = Debug|iPhoneSimulator
		{38351A25-F27F-4E82-979B-64E0A1A7C350}.AppStore|x64.ActiveCfg = Debug|iPhoneSimulator
		{38351A25-F27F-4E82-979B-64E0A1A7C350}.AppStore|x64.Build.0 = Debug|iPhoneSimulator
		{38351A25-F27F-4E82-979B-64E0A1A7C350}.AppStore|x86.ActiveCfg = Debug|iPhoneSimulator
		{38351A25-F27F-4E82-979B-64E0A1A7C350}.AppStore|x86.Build.0 = Debug|iPhoneSimulator
		{38351A25-F27F-4E82-979B-64E0A1A7C350}.Debug|Any CPU.ActiveCfg = Debug|iPhoneSimulator
		{38351A25-F27F-4E82-979B-64E0A1A7C350}.Debug|Any CPU.Build.0 = Debug|iPhoneSimulator
		{38351A25-F27F-4E82-979B-64E0A1A7C350}.Debug|ARM.ActiveCfg = Debug|iPhoneSimulator
		{38351A25-F27F-4E82-979B-64E0A1A7C350}.Debug|ARM.Build.0 = Debug|iPhoneSimulator
		{38351A25-F27F-4E82-979B-64E0A1A7C350}.Debug|iPhone.ActiveCfg = Debug|iPhoneSimulator
		{38351A25-F27F-4E82-979B-64E0A1A7C350}.Debug|iPhone.Build.0 = Debug|iPhoneSimulator
		{38351A25-F27F-4E82-979B-64E0A1A7C350}.Debug|iPhoneSimulator.ActiveCfg = Debug|iPhoneSimulator
		{38351A25-F27F-4E82-979B-64E0A1A7C350}.Debug|iPhoneSimulator.Build.0 = Debug|iPhoneSimulator
		{38351A25-F27F-4E82-979B-64E0A1A7C350}.Debug|x64.ActiveCfg = Debug|iPhoneSimulator
		{38351A25-F27F-4E82-979B-64E0A1A7C350}.Debug|x64.Build.0 = Debug|iPhoneSimulator
		{38351A25-F27F-4E82-979B-64E0A1A7C350}.Debug|x86.ActiveCfg = Debug|iPhoneSimulator
		{38351A25-F27F-4E82-979B-64E0A1A7C350}.Debug|x86.Build.0 = Debug|iPhoneSimulator
		{38351A25-F27F-4E82-979B-64E0A1A7C350}.Release|Any CPU.ActiveCfg = Release|iPhoneSimulator
		{38351A25-F27F-4E82-979B-64E0A1A7C350}.Release|Any CPU.Build.0 = Release|iPhoneSimulator
		{38351A25-F27F-4E82-979B-64E0A1A7C350}.Release|ARM.ActiveCfg = Release|iPhoneSimulator
		{38351A25-F27F-4E82-979B-64E0A1A7C350}.Release|ARM.Build.0 = Release|iPhoneSimulator
		{38351A25-F27F-4E82-979B-64E0A1A7C350}.Release|iPhone.ActiveCfg = Release|iPhoneSimulator
		{38351A25-F27F-4E82-979B-64E0A1A7C350}.Release|iPhone.Build.0 = Release|iPhoneSimulator
		{38351A25-F27F-4E82-979B-64E0A1A7C350}.Release|iPhoneSimulator.ActiveCfg = Release|iPhoneSimulator
		{38351A25-F27F-4E82-979B-64E0A1A7C350}.Release|iPhoneSimulator.Build.0 = Release|iPhoneSimulator
		{38351A25-F27F-4E82-979B-64E0A1A7C350}.Release|x64.ActiveCfg = Release|iPhoneSimulator
		{38351A25-F27F-4E82-979B-64E0A1A7C350}.Release|x64.Build.0 = Release|iPhoneSimulator
		{38351A25-F27F-4E82-979B-64E0A1A7C350}.Release|x86.ActiveCfg = Release|iPhoneSimulator
		{38351A25-F27F-4E82-979B-64E0A1A7C350}.Release|x86.Build.0 = Release|iPhoneSimulator
		{96CF49BA-A49E-4660-B1C1-09DAC74D5744}.Ad-Hoc|Any CPU.ActiveCfg = Release|Any CPU
		{96CF49BA-A49E-4660-B1C1-09DAC74D5744}.Ad-Hoc|Any CPU.Build.0 = Release|Any CPU
		{96CF49BA-A49E-4660-B1C1-09DAC74D5744}.Ad-Hoc|Any CPU.Deploy.0 = Release|Any CPU
		{96CF49BA-A49E-4660-B1C1-09DAC74D5744}.Ad-Hoc|ARM.ActiveCfg = Release|ARM
		{96CF49BA-A49E-4660-B1C1-09DAC74D5744}.Ad-Hoc|ARM.Build.0 = Release|ARM
		{96CF49BA-A49E-4660-B1C1-09DAC74D5744}.Ad-Hoc|ARM.Deploy.0 = Release|ARM
		{96CF49BA-A49E-4660-B1C1-09DAC74D5744}.Ad-Hoc|iPhone.ActiveCfg = Release|Any CPU
		{96CF49BA-A49E-4660-B1C1-09DAC74D5744}.Ad-Hoc|iPhone.Build.0 = Release|Any CPU
		{96CF49BA-A49E-4660-B1C1-09DAC74D5744}.Ad-Hoc|iPhone.Deploy.0 = Release|Any CPU
		{96CF49BA-A49E-4660-B1C1-09DAC74D5744}.Ad-Hoc|iPhoneSimulator.ActiveCfg = Release|Any CPU
		{96CF49BA-A49E-4660-B1C1-09DAC74D5744}.Ad-Hoc|iPhoneSimulator.Build.0 = Release|Any CPU
		{96CF49BA-A49E-4660-B1C1-09DAC74D5744}.Ad-Hoc|iPhoneSimulator.Deploy.0 = Release|Any CPU
		{96CF49BA-A49E-4660-B1C1-09DAC74D5744}.Ad-Hoc|x64.ActiveCfg = Release|Any CPU
		{96CF49BA-A49E-4660-B1C1-09DAC74D5744}.Ad-Hoc|x64.Build.0 = Release|Any CPU
		{96CF49BA-A49E-4660-B1C1-09DAC74D5744}.Ad-Hoc|x64.Deploy.0 = Release|Any CPU
		{96CF49BA-A49E-4660-B1C1-09DAC74D5744}.Ad-Hoc|x86.ActiveCfg = Release|x86
		{96CF49BA-A49E-4660-B1C1-09DAC74D5744}.Ad-Hoc|x86.Build.0 = Release|x86
		{96CF49BA-A49E-4660-B1C1-09DAC74D5744}.Ad-Hoc|x86.Deploy.0 = Release|x86
		{96CF49BA-A49E-4660-B1C1-09DAC74D5744}.AppStore|Any CPU.ActiveCfg = Release|Any CPU
		{96CF49BA-A49E-4660-B1C1-09DAC74D5744}.AppStore|Any CPU.Build.0 = Release|Any CPU
		{96CF49BA-A49E-4660-B1C1-09DAC74D5744}.AppStore|Any CPU.Deploy.0 = Release|Any CPU
		{96CF49BA-A49E-4660-B1C1-09DAC74D5744}.AppStore|ARM.ActiveCfg = Release|ARM
		{96CF49BA-A49E-4660-B1C1-09DAC74D5744}.AppStore|ARM.Build.0 = Release|ARM
		{96CF49BA-A49E-4660-B1C1-09DAC74D5744}.AppStore|ARM.Deploy.0 = Release|ARM
		{96CF49BA-A49E-4660-B1C1-09DAC74D5744}.AppStore|iPhone.ActiveCfg = Release|Any CPU
		{96CF49BA-A49E-4660-B1C1-09DAC74D5744}.AppStore|iPhone.Build.0 = Release|Any CPU
		{96CF49BA-A49E-4660-B1C1-09DAC74D5744}.AppStore|iPhone.Deploy.0 = Release|Any CPU
		{96CF49BA-A49E-4660-B1C1-09DAC74D5744}.AppStore|iPhoneSimulator.ActiveCfg = Release|Any CPU
		{96CF49BA-A49E-4660-B1C1-09DAC74D5744}.AppStore|iPhoneSimulator.Build.0 = Release|Any CPU
		{96CF49BA-A49E-4660-B1C1-09DAC74D5744}.AppStore|iPhoneSimulator.Deploy.0 = Release|Any CPU
		{96CF49BA-A49E-4660-B1C1-09DAC74D5744}.AppStore|x64.ActiveCfg = Release|Any CPU
		{96CF49BA-A49E-4660-B1C1-09DAC74D5744}.AppStore|x64.Build.0 = Release|Any CPU
		{96CF49BA-A49E-4660-B1C1-09DAC74D5744}.AppStore|x64.Deploy.0 = Release|Any CPU
		{96CF49BA-A49E-4660-B1C1-09DAC74D5744}.AppStore|x86.ActiveCfg = Release|x86
		{96CF49BA-A49E-4660-B1C1-09DAC74D5744}.AppStore|x86.Build.0 = Release|x86
		{96CF49BA-A49E-4660-B1C1-09DAC74D5744}.AppStore|x86.Deploy.0 = Release|x86
		{96CF49BA-A49E-4660-B1C1-09DAC74D5744}.Debug|Any CPU.ActiveCfg = Debug|Any CPU
		{96CF49BA-A49E-4660-B1C1-09DAC74D5744}.Debug|Any CPU.Build.0 = Debug|Any CPU
		{96CF49BA-A49E-4660-B1C1-09DAC74D5744}.Debug|Any CPU.Deploy.0 = Debug|Any CPU
		{96CF49BA-A49E-4660-B1C1-09DAC74D5744}.Debug|ARM.ActiveCfg = Debug|ARM
		{96CF49BA-A49E-4660-B1C1-09DAC74D5744}.Debug|ARM.Build.0 = Debug|ARM
		{96CF49BA-A49E-4660-B1C1-09DAC74D5744}.Debug|ARM.Deploy.0 = Debug|ARM
		{96CF49BA-A49E-4660-B1C1-09DAC74D5744}.Debug|iPhone.ActiveCfg = Debug|Any CPU
		{96CF49BA-A49E-4660-B1C1-09DAC74D5744}.Debug|iPhone.Build.0 = Debug|Any CPU
		{96CF49BA-A49E-4660-B1C1-09DAC74D5744}.Debug|iPhone.Deploy.0 = Debug|Any CPU
		{96CF49BA-A49E-4660-B1C1-09DAC74D5744}.Debug|iPhoneSimulator.ActiveCfg = Debug|Any CPU
		{96CF49BA-A49E-4660-B1C1-09DAC74D5744}.Debug|iPhoneSimulator.Build.0 = Debug|Any CPU
		{96CF49BA-A49E-4660-B1C1-09DAC74D5744}.Debug|iPhoneSimulator.Deploy.0 = Debug|Any CPU
		{96CF49BA-A49E-4660-B1C1-09DAC74D5744}.Debug|x64.ActiveCfg = Debug|Any CPU
		{96CF49BA-A49E-4660-B1C1-09DAC74D5744}.Debug|x64.Build.0 = Debug|Any CPU
		{96CF49BA-A49E-4660-B1C1-09DAC74D5744}.Debug|x64.Deploy.0 = Debug|Any CPU
		{96CF49BA-A49E-4660-B1C1-09DAC74D5744}.Debug|x86.ActiveCfg = Debug|x86
		{96CF49BA-A49E-4660-B1C1-09DAC74D5744}.Debug|x86.Build.0 = Debug|x86
		{96CF49BA-A49E-4660-B1C1-09DAC74D5744}.Debug|x86.Deploy.0 = Debug|x86
		{96CF49BA-A49E-4660-B1C1-09DAC74D5744}.Release|Any CPU.ActiveCfg = Release|Any CPU
		{96CF49BA-A49E-4660-B1C1-09DAC74D5744}.Release|Any CPU.Build.0 = Release|Any CPU
		{96CF49BA-A49E-4660-B1C1-09DAC74D5744}.Release|Any CPU.Deploy.0 = Release|Any CPU
		{96CF49BA-A49E-4660-B1C1-09DAC74D5744}.Release|ARM.ActiveCfg = Release|ARM
		{96CF49BA-A49E-4660-B1C1-09DAC74D5744}.Release|ARM.Build.0 = Release|ARM
		{96CF49BA-A49E-4660-B1C1-09DAC74D5744}.Release|ARM.Deploy.0 = Release|ARM
		{96CF49BA-A49E-4660-B1C1-09DAC74D5744}.Release|iPhone.ActiveCfg = Release|Any CPU
		{96CF49BA-A49E-4660-B1C1-09DAC74D5744}.Release|iPhone.Build.0 = Release|Any CPU
		{96CF49BA-A49E-4660-B1C1-09DAC74D5744}.Release|iPhone.Deploy.0 = Release|Any CPU
		{96CF49BA-A49E-4660-B1C1-09DAC74D5744}.Release|iPhoneSimulator.ActiveCfg = Release|Any CPU
		{96CF49BA-A49E-4660-B1C1-09DAC74D5744}.Release|iPhoneSimulator.Build.0 = Release|Any CPU
		{96CF49BA-A49E-4660-B1C1-09DAC74D5744}.Release|iPhoneSimulator.Deploy.0 = Release|Any CPU
		{96CF49BA-A49E-4660-B1C1-09DAC74D5744}.Release|x64.ActiveCfg = Release|Any CPU
		{96CF49BA-A49E-4660-B1C1-09DAC74D5744}.Release|x64.Build.0 = Release|Any CPU
		{96CF49BA-A49E-4660-B1C1-09DAC74D5744}.Release|x64.Deploy.0 = Release|Any CPU
		{96CF49BA-A49E-4660-B1C1-09DAC74D5744}.Release|x86.ActiveCfg = Release|x86
		{96CF49BA-A49E-4660-B1C1-09DAC74D5744}.Release|x86.Build.0 = Release|x86
		{96CF49BA-A49E-4660-B1C1-09DAC74D5744}.Release|x86.Deploy.0 = Release|x86
		{499F7256-2973-4D3C-A3D6-4C1E2C2CE82A}.Ad-Hoc|Any CPU.ActiveCfg = Release|x86
		{499F7256-2973-4D3C-A3D6-4C1E2C2CE82A}.Ad-Hoc|Any CPU.Build.0 = Release|x86
		{499F7256-2973-4D3C-A3D6-4C1E2C2CE82A}.Ad-Hoc|Any CPU.Deploy.0 = Release|x86
		{499F7256-2973-4D3C-A3D6-4C1E2C2CE82A}.Ad-Hoc|ARM.ActiveCfg = Release|ARM
		{499F7256-2973-4D3C-A3D6-4C1E2C2CE82A}.Ad-Hoc|ARM.Build.0 = Release|ARM
		{499F7256-2973-4D3C-A3D6-4C1E2C2CE82A}.Ad-Hoc|ARM.Deploy.0 = Release|ARM
		{499F7256-2973-4D3C-A3D6-4C1E2C2CE82A}.Ad-Hoc|iPhone.ActiveCfg = Release|x86
		{499F7256-2973-4D3C-A3D6-4C1E2C2CE82A}.Ad-Hoc|iPhone.Build.0 = Release|x86
		{499F7256-2973-4D3C-A3D6-4C1E2C2CE82A}.Ad-Hoc|iPhone.Deploy.0 = Release|x86
		{499F7256-2973-4D3C-A3D6-4C1E2C2CE82A}.Ad-Hoc|iPhoneSimulator.ActiveCfg = Release|x86
		{499F7256-2973-4D3C-A3D6-4C1E2C2CE82A}.Ad-Hoc|iPhoneSimulator.Build.0 = Release|x86
		{499F7256-2973-4D3C-A3D6-4C1E2C2CE82A}.Ad-Hoc|iPhoneSimulator.Deploy.0 = Release|x86
		{499F7256-2973-4D3C-A3D6-4C1E2C2CE82A}.Ad-Hoc|x64.ActiveCfg = Release|x64
		{499F7256-2973-4D3C-A3D6-4C1E2C2CE82A}.Ad-Hoc|x64.Build.0 = Release|x64
		{499F7256-2973-4D3C-A3D6-4C1E2C2CE82A}.Ad-Hoc|x64.Deploy.0 = Release|x64
		{499F7256-2973-4D3C-A3D6-4C1E2C2CE82A}.Ad-Hoc|x86.ActiveCfg = Release|x86
		{499F7256-2973-4D3C-A3D6-4C1E2C2CE82A}.Ad-Hoc|x86.Build.0 = Release|x86
		{499F7256-2973-4D3C-A3D6-4C1E2C2CE82A}.Ad-Hoc|x86.Deploy.0 = Release|x86
		{499F7256-2973-4D3C-A3D6-4C1E2C2CE82A}.AppStore|Any CPU.ActiveCfg = Release|x86
		{499F7256-2973-4D3C-A3D6-4C1E2C2CE82A}.AppStore|Any CPU.Build.0 = Release|x86
		{499F7256-2973-4D3C-A3D6-4C1E2C2CE82A}.AppStore|Any CPU.Deploy.0 = Release|x86
		{499F7256-2973-4D3C-A3D6-4C1E2C2CE82A}.AppStore|ARM.ActiveCfg = Release|ARM
		{499F7256-2973-4D3C-A3D6-4C1E2C2CE82A}.AppStore|ARM.Build.0 = Release|ARM
		{499F7256-2973-4D3C-A3D6-4C1E2C2CE82A}.AppStore|ARM.Deploy.0 = Release|ARM
		{499F7256-2973-4D3C-A3D6-4C1E2C2CE82A}.AppStore|iPhone.ActiveCfg = Release|x86
		{499F7256-2973-4D3C-A3D6-4C1E2C2CE82A}.AppStore|iPhone.Build.0 = Release|x86
		{499F7256-2973-4D3C-A3D6-4C1E2C2CE82A}.AppStore|iPhone.Deploy.0 = Release|x86
		{499F7256-2973-4D3C-A3D6-4C1E2C2CE82A}.AppStore|iPhoneSimulator.ActiveCfg = Release|x86
		{499F7256-2973-4D3C-A3D6-4C1E2C2CE82A}.AppStore|iPhoneSimulator.Build.0 = Release|x86
		{499F7256-2973-4D3C-A3D6-4C1E2C2CE82A}.AppStore|iPhoneSimulator.Deploy.0 = Release|x86
		{499F7256-2973-4D3C-A3D6-4C1E2C2CE82A}.AppStore|x64.ActiveCfg = Release|x64
		{499F7256-2973-4D3C-A3D6-4C1E2C2CE82A}.AppStore|x64.Build.0 = Release|x64
		{499F7256-2973-4D3C-A3D6-4C1E2C2CE82A}.AppStore|x64.Deploy.0 = Release|x64
		{499F7256-2973-4D3C-A3D6-4C1E2C2CE82A}.AppStore|x86.ActiveCfg = Release|x86
		{499F7256-2973-4D3C-A3D6-4C1E2C2CE82A}.AppStore|x86.Build.0 = Release|x86
		{499F7256-2973-4D3C-A3D6-4C1E2C2CE82A}.AppStore|x86.Deploy.0 = Release|x86
		{499F7256-2973-4D3C-A3D6-4C1E2C2CE82A}.Debug|Any CPU.ActiveCfg = Debug|x86
		{499F7256-2973-4D3C-A3D6-4C1E2C2CE82A}.Debug|Any CPU.Build.0 = Debug|x86
		{499F7256-2973-4D3C-A3D6-4C1E2C2CE82A}.Debug|Any CPU.Deploy.0 = Debug|x86
		{499F7256-2973-4D3C-A3D6-4C1E2C2CE82A}.Debug|ARM.ActiveCfg = Debug|ARM
		{499F7256-2973-4D3C-A3D6-4C1E2C2CE82A}.Debug|ARM.Build.0 = Debug|ARM
		{499F7256-2973-4D3C-A3D6-4C1E2C2CE82A}.Debug|ARM.Deploy.0 = Debug|ARM
		{499F7256-2973-4D3C-A3D6-4C1E2C2CE82A}.Debug|iPhone.ActiveCfg = Debug|x86
		{499F7256-2973-4D3C-A3D6-4C1E2C2CE82A}.Debug|iPhoneSimulator.ActiveCfg = Debug|x86
		{499F7256-2973-4D3C-A3D6-4C1E2C2CE82A}.Debug|x64.ActiveCfg = Debug|x64
		{499F7256-2973-4D3C-A3D6-4C1E2C2CE82A}.Debug|x64.Build.0 = Debug|x64
		{499F7256-2973-4D3C-A3D6-4C1E2C2CE82A}.Debug|x64.Deploy.0 = Debug|x64
		{499F7256-2973-4D3C-A3D6-4C1E2C2CE82A}.Debug|x86.ActiveCfg = Debug|x86
		{499F7256-2973-4D3C-A3D6-4C1E2C2CE82A}.Debug|x86.Build.0 = Debug|x86
		{499F7256-2973-4D3C-A3D6-4C1E2C2CE82A}.Debug|x86.Deploy.0 = Debug|x86
		{499F7256-2973-4D3C-A3D6-4C1E2C2CE82A}.Release|Any CPU.ActiveCfg = Release|x86
		{499F7256-2973-4D3C-A3D6-4C1E2C2CE82A}.Release|ARM.ActiveCfg = Release|ARM
		{499F7256-2973-4D3C-A3D6-4C1E2C2CE82A}.Release|ARM.Build.0 = Release|ARM
		{499F7256-2973-4D3C-A3D6-4C1E2C2CE82A}.Release|ARM.Deploy.0 = Release|ARM
		{499F7256-2973-4D3C-A3D6-4C1E2C2CE82A}.Release|iPhone.ActiveCfg = Release|x86
		{499F7256-2973-4D3C-A3D6-4C1E2C2CE82A}.Release|iPhoneSimulator.ActiveCfg = Release|x86
		{499F7256-2973-4D3C-A3D6-4C1E2C2CE82A}.Release|x64.ActiveCfg = Release|x64
		{499F7256-2973-4D3C-A3D6-4C1E2C2CE82A}.Release|x64.Build.0 = Release|x64
		{499F7256-2973-4D3C-A3D6-4C1E2C2CE82A}.Release|x64.Deploy.0 = Release|x64
		{499F7256-2973-4D3C-A3D6-4C1E2C2CE82A}.Release|x86.ActiveCfg = Release|x86
		{499F7256-2973-4D3C-A3D6-4C1E2C2CE82A}.Release|x86.Build.0 = Release|x86
		{499F7256-2973-4D3C-A3D6-4C1E2C2CE82A}.Release|x86.Deploy.0 = Release|x86
		{D52E9BDE-EF7F-480F-9C83-7CE7DDE803E3}.Ad-Hoc|Any CPU.ActiveCfg = Release|Any CPU
		{D52E9BDE-EF7F-480F-9C83-7CE7DDE803E3}.Ad-Hoc|Any CPU.Build.0 = Release|Any CPU
		{D52E9BDE-EF7F-480F-9C83-7CE7DDE803E3}.Ad-Hoc|Any CPU.Deploy.0 = Release|Any CPU
		{D52E9BDE-EF7F-480F-9C83-7CE7DDE803E3}.Ad-Hoc|ARM.ActiveCfg = Release|ARM
		{D52E9BDE-EF7F-480F-9C83-7CE7DDE803E3}.Ad-Hoc|ARM.Build.0 = Release|ARM
		{D52E9BDE-EF7F-480F-9C83-7CE7DDE803E3}.Ad-Hoc|ARM.Deploy.0 = Release|ARM
		{D52E9BDE-EF7F-480F-9C83-7CE7DDE803E3}.Ad-Hoc|iPhone.ActiveCfg = Release|Any CPU
		{D52E9BDE-EF7F-480F-9C83-7CE7DDE803E3}.Ad-Hoc|iPhone.Build.0 = Release|Any CPU
		{D52E9BDE-EF7F-480F-9C83-7CE7DDE803E3}.Ad-Hoc|iPhone.Deploy.0 = Release|Any CPU
		{D52E9BDE-EF7F-480F-9C83-7CE7DDE803E3}.Ad-Hoc|iPhoneSimulator.ActiveCfg = Release|Any CPU
		{D52E9BDE-EF7F-480F-9C83-7CE7DDE803E3}.Ad-Hoc|iPhoneSimulator.Build.0 = Release|Any CPU
		{D52E9BDE-EF7F-480F-9C83-7CE7DDE803E3}.Ad-Hoc|iPhoneSimulator.Deploy.0 = Release|Any CPU
		{D52E9BDE-EF7F-480F-9C83-7CE7DDE803E3}.Ad-Hoc|x64.ActiveCfg = Release|x64
		{D52E9BDE-EF7F-480F-9C83-7CE7DDE803E3}.Ad-Hoc|x64.Build.0 = Release|x64
		{D52E9BDE-EF7F-480F-9C83-7CE7DDE803E3}.Ad-Hoc|x64.Deploy.0 = Release|x64
		{D52E9BDE-EF7F-480F-9C83-7CE7DDE803E3}.Ad-Hoc|x86.ActiveCfg = Release|x86
		{D52E9BDE-EF7F-480F-9C83-7CE7DDE803E3}.Ad-Hoc|x86.Build.0 = Release|x86
		{D52E9BDE-EF7F-480F-9C83-7CE7DDE803E3}.Ad-Hoc|x86.Deploy.0 = Release|x86
		{D52E9BDE-EF7F-480F-9C83-7CE7DDE803E3}.AppStore|Any CPU.ActiveCfg = Release|Any CPU
		{D52E9BDE-EF7F-480F-9C83-7CE7DDE803E3}.AppStore|Any CPU.Build.0 = Release|Any CPU
		{D52E9BDE-EF7F-480F-9C83-7CE7DDE803E3}.AppStore|Any CPU.Deploy.0 = Release|Any CPU
		{D52E9BDE-EF7F-480F-9C83-7CE7DDE803E3}.AppStore|ARM.ActiveCfg = Release|ARM
		{D52E9BDE-EF7F-480F-9C83-7CE7DDE803E3}.AppStore|ARM.Build.0 = Release|ARM
		{D52E9BDE-EF7F-480F-9C83-7CE7DDE803E3}.AppStore|ARM.Deploy.0 = Release|ARM
		{D52E9BDE-EF7F-480F-9C83-7CE7DDE803E3}.AppStore|iPhone.ActiveCfg = Release|Any CPU
		{D52E9BDE-EF7F-480F-9C83-7CE7DDE803E3}.AppStore|iPhone.Build.0 = Release|Any CPU
		{D52E9BDE-EF7F-480F-9C83-7CE7DDE803E3}.AppStore|iPhone.Deploy.0 = Release|Any CPU
		{D52E9BDE-EF7F-480F-9C83-7CE7DDE803E3}.AppStore|iPhoneSimulator.ActiveCfg = Release|Any CPU
		{D52E9BDE-EF7F-480F-9C83-7CE7DDE803E3}.AppStore|iPhoneSimulator.Build.0 = Release|Any CPU
		{D52E9BDE-EF7F-480F-9C83-7CE7DDE803E3}.AppStore|iPhoneSimulator.Deploy.0 = Release|Any CPU
		{D52E9BDE-EF7F-480F-9C83-7CE7DDE803E3}.AppStore|x64.ActiveCfg = Release|x64
		{D52E9BDE-EF7F-480F-9C83-7CE7DDE803E3}.AppStore|x64.Build.0 = Release|x64
		{D52E9BDE-EF7F-480F-9C83-7CE7DDE803E3}.AppStore|x64.Deploy.0 = Release|x64
		{D52E9BDE-EF7F-480F-9C83-7CE7DDE803E3}.AppStore|x86.ActiveCfg = Release|x86
		{D52E9BDE-EF7F-480F-9C83-7CE7DDE803E3}.AppStore|x86.Build.0 = Release|x86
		{D52E9BDE-EF7F-480F-9C83-7CE7DDE803E3}.AppStore|x86.Deploy.0 = Release|x86
		{D52E9BDE-EF7F-480F-9C83-7CE7DDE803E3}.Debug|Any CPU.ActiveCfg = Debug|Any CPU
		{D52E9BDE-EF7F-480F-9C83-7CE7DDE803E3}.Debug|Any CPU.Build.0 = Debug|Any CPU
		{D52E9BDE-EF7F-480F-9C83-7CE7DDE803E3}.Debug|Any CPU.Deploy.0 = Debug|Any CPU
		{D52E9BDE-EF7F-480F-9C83-7CE7DDE803E3}.Debug|ARM.ActiveCfg = Debug|ARM
		{D52E9BDE-EF7F-480F-9C83-7CE7DDE803E3}.Debug|ARM.Build.0 = Debug|ARM
		{D52E9BDE-EF7F-480F-9C83-7CE7DDE803E3}.Debug|ARM.Deploy.0 = Debug|ARM
		{D52E9BDE-EF7F-480F-9C83-7CE7DDE803E3}.Debug|iPhone.ActiveCfg = Debug|Any CPU
		{D52E9BDE-EF7F-480F-9C83-7CE7DDE803E3}.Debug|iPhone.Build.0 = Debug|Any CPU
		{D52E9BDE-EF7F-480F-9C83-7CE7DDE803E3}.Debug|iPhone.Deploy.0 = Debug|Any CPU
		{D52E9BDE-EF7F-480F-9C83-7CE7DDE803E3}.Debug|iPhoneSimulator.ActiveCfg = Debug|Any CPU
		{D52E9BDE-EF7F-480F-9C83-7CE7DDE803E3}.Debug|iPhoneSimulator.Build.0 = Debug|Any CPU
		{D52E9BDE-EF7F-480F-9C83-7CE7DDE803E3}.Debug|iPhoneSimulator.Deploy.0 = Debug|Any CPU
		{D52E9BDE-EF7F-480F-9C83-7CE7DDE803E3}.Debug|x64.ActiveCfg = Debug|x64
		{D52E9BDE-EF7F-480F-9C83-7CE7DDE803E3}.Debug|x64.Build.0 = Debug|x64
		{D52E9BDE-EF7F-480F-9C83-7CE7DDE803E3}.Debug|x64.Deploy.0 = Debug|x64
		{D52E9BDE-EF7F-480F-9C83-7CE7DDE803E3}.Debug|x86.ActiveCfg = Debug|x86
		{D52E9BDE-EF7F-480F-9C83-7CE7DDE803E3}.Debug|x86.Build.0 = Debug|x86
		{D52E9BDE-EF7F-480F-9C83-7CE7DDE803E3}.Debug|x86.Deploy.0 = Debug|x86
		{D52E9BDE-EF7F-480F-9C83-7CE7DDE803E3}.Release|Any CPU.ActiveCfg = Release|Any CPU
		{D52E9BDE-EF7F-480F-9C83-7CE7DDE803E3}.Release|Any CPU.Build.0 = Release|Any CPU
		{D52E9BDE-EF7F-480F-9C83-7CE7DDE803E3}.Release|Any CPU.Deploy.0 = Release|Any CPU
		{D52E9BDE-EF7F-480F-9C83-7CE7DDE803E3}.Release|ARM.ActiveCfg = Release|ARM
		{D52E9BDE-EF7F-480F-9C83-7CE7DDE803E3}.Release|ARM.Build.0 = Release|ARM
		{D52E9BDE-EF7F-480F-9C83-7CE7DDE803E3}.Release|ARM.Deploy.0 = Release|ARM
		{D52E9BDE-EF7F-480F-9C83-7CE7DDE803E3}.Release|iPhone.ActiveCfg = Release|Any CPU
		{D52E9BDE-EF7F-480F-9C83-7CE7DDE803E3}.Release|iPhone.Build.0 = Release|Any CPU
		{D52E9BDE-EF7F-480F-9C83-7CE7DDE803E3}.Release|iPhone.Deploy.0 = Release|Any CPU
		{D52E9BDE-EF7F-480F-9C83-7CE7DDE803E3}.Release|iPhoneSimulator.ActiveCfg = Release|Any CPU
		{D52E9BDE-EF7F-480F-9C83-7CE7DDE803E3}.Release|iPhoneSimulator.Build.0 = Release|Any CPU
		{D52E9BDE-EF7F-480F-9C83-7CE7DDE803E3}.Release|iPhoneSimulator.Deploy.0 = Release|Any CPU
		{D52E9BDE-EF7F-480F-9C83-7CE7DDE803E3}.Release|x64.ActiveCfg = Release|x64
		{D52E9BDE-EF7F-480F-9C83-7CE7DDE803E3}.Release|x64.Build.0 = Release|x64
		{D52E9BDE-EF7F-480F-9C83-7CE7DDE803E3}.Release|x64.Deploy.0 = Release|x64
		{D52E9BDE-EF7F-480F-9C83-7CE7DDE803E3}.Release|x86.ActiveCfg = Release|x86
		{D52E9BDE-EF7F-480F-9C83-7CE7DDE803E3}.Release|x86.Build.0 = Release|x86
		{D52E9BDE-EF7F-480F-9C83-7CE7DDE803E3}.Release|x86.Deploy.0 = Release|x86
		{A6E8BFFA-840F-4078-88F4-D4179C23382F}.Ad-Hoc|Any CPU.ActiveCfg = Release|Any CPU
		{A6E8BFFA-840F-4078-88F4-D4179C23382F}.Ad-Hoc|Any CPU.Build.0 = Release|Any CPU
		{A6E8BFFA-840F-4078-88F4-D4179C23382F}.Ad-Hoc|ARM.ActiveCfg = Release|Any CPU
		{A6E8BFFA-840F-4078-88F4-D4179C23382F}.Ad-Hoc|ARM.Build.0 = Release|Any CPU
		{A6E8BFFA-840F-4078-88F4-D4179C23382F}.Ad-Hoc|iPhone.ActiveCfg = Release|Any CPU
		{A6E8BFFA-840F-4078-88F4-D4179C23382F}.Ad-Hoc|iPhone.Build.0 = Release|Any CPU
		{A6E8BFFA-840F-4078-88F4-D4179C23382F}.Ad-Hoc|iPhoneSimulator.ActiveCfg = Release|Any CPU
		{A6E8BFFA-840F-4078-88F4-D4179C23382F}.Ad-Hoc|iPhoneSimulator.Build.0 = Release|Any CPU
		{A6E8BFFA-840F-4078-88F4-D4179C23382F}.Ad-Hoc|x64.ActiveCfg = Release|Any CPU
		{A6E8BFFA-840F-4078-88F4-D4179C23382F}.Ad-Hoc|x64.Build.0 = Release|Any CPU
		{A6E8BFFA-840F-4078-88F4-D4179C23382F}.Ad-Hoc|x86.ActiveCfg = Release|Any CPU
		{A6E8BFFA-840F-4078-88F4-D4179C23382F}.Ad-Hoc|x86.Build.0 = Release|Any CPU
		{A6E8BFFA-840F-4078-88F4-D4179C23382F}.AppStore|Any CPU.ActiveCfg = Release|Any CPU
		{A6E8BFFA-840F-4078-88F4-D4179C23382F}.AppStore|Any CPU.Build.0 = Release|Any CPU
		{A6E8BFFA-840F-4078-88F4-D4179C23382F}.AppStore|ARM.ActiveCfg = Release|Any CPU
		{A6E8BFFA-840F-4078-88F4-D4179C23382F}.AppStore|ARM.Build.0 = Release|Any CPU
		{A6E8BFFA-840F-4078-88F4-D4179C23382F}.AppStore|iPhone.ActiveCfg = Release|Any CPU
		{A6E8BFFA-840F-4078-88F4-D4179C23382F}.AppStore|iPhone.Build.0 = Release|Any CPU
		{A6E8BFFA-840F-4078-88F4-D4179C23382F}.AppStore|iPhoneSimulator.ActiveCfg = Release|Any CPU
		{A6E8BFFA-840F-4078-88F4-D4179C23382F}.AppStore|iPhoneSimulator.Build.0 = Release|Any CPU
		{A6E8BFFA-840F-4078-88F4-D4179C23382F}.AppStore|x64.ActiveCfg = Release|Any CPU
		{A6E8BFFA-840F-4078-88F4-D4179C23382F}.AppStore|x64.Build.0 = Release|Any CPU
		{A6E8BFFA-840F-4078-88F4-D4179C23382F}.AppStore|x86.ActiveCfg = Release|Any CPU
		{A6E8BFFA-840F-4078-88F4-D4179C23382F}.AppStore|x86.Build.0 = Release|Any CPU
		{A6E8BFFA-840F-4078-88F4-D4179C23382F}.Debug|Any CPU.ActiveCfg = Debug|Any CPU
		{A6E8BFFA-840F-4078-88F4-D4179C23382F}.Debug|Any CPU.Build.0 = Debug|Any CPU
		{A6E8BFFA-840F-4078-88F4-D4179C23382F}.Debug|ARM.ActiveCfg = Debug|Any CPU
		{A6E8BFFA-840F-4078-88F4-D4179C23382F}.Debug|ARM.Build.0 = Debug|Any CPU
		{A6E8BFFA-840F-4078-88F4-D4179C23382F}.Debug|iPhone.ActiveCfg = Debug|Any CPU
		{A6E8BFFA-840F-4078-88F4-D4179C23382F}.Debug|iPhone.Build.0 = Debug|Any CPU
		{A6E8BFFA-840F-4078-88F4-D4179C23382F}.Debug|iPhoneSimulator.ActiveCfg = Debug|Any CPU
		{A6E8BFFA-840F-4078-88F4-D4179C23382F}.Debug|iPhoneSimulator.Build.0 = Debug|Any CPU
		{A6E8BFFA-840F-4078-88F4-D4179C23382F}.Debug|x64.ActiveCfg = Debug|Any CPU
		{A6E8BFFA-840F-4078-88F4-D4179C23382F}.Debug|x64.Build.0 = Debug|Any CPU
		{A6E8BFFA-840F-4078-88F4-D4179C23382F}.Debug|x86.ActiveCfg = Debug|Any CPU
		{A6E8BFFA-840F-4078-88F4-D4179C23382F}.Debug|x86.Build.0 = Debug|Any CPU
		{A6E8BFFA-840F-4078-88F4-D4179C23382F}.Release|Any CPU.ActiveCfg = Release|Any CPU
		{A6E8BFFA-840F-4078-88F4-D4179C23382F}.Release|Any CPU.Build.0 = Release|Any CPU
		{A6E8BFFA-840F-4078-88F4-D4179C23382F}.Release|ARM.ActiveCfg = Release|Any CPU
		{A6E8BFFA-840F-4078-88F4-D4179C23382F}.Release|ARM.Build.0 = Release|Any CPU
		{A6E8BFFA-840F-4078-88F4-D4179C23382F}.Release|iPhone.ActiveCfg = Release|Any CPU
		{A6E8BFFA-840F-4078-88F4-D4179C23382F}.Release|iPhone.Build.0 = Release|Any CPU
		{A6E8BFFA-840F-4078-88F4-D4179C23382F}.Release|iPhoneSimulator.ActiveCfg = Release|Any CPU
		{A6E8BFFA-840F-4078-88F4-D4179C23382F}.Release|iPhoneSimulator.Build.0 = Release|Any CPU
		{A6E8BFFA-840F-4078-88F4-D4179C23382F}.Release|x64.ActiveCfg = Release|Any CPU
		{A6E8BFFA-840F-4078-88F4-D4179C23382F}.Release|x64.Build.0 = Release|Any CPU
		{A6E8BFFA-840F-4078-88F4-D4179C23382F}.Release|x86.ActiveCfg = Release|Any CPU
		{A6E8BFFA-840F-4078-88F4-D4179C23382F}.Release|x86.Build.0 = Release|Any CPU
	EndGlobalSection
	GlobalSection(SolutionProperties) = preSolution
		HideSolutionNode = FALSE
	EndGlobalSection
EndGlobal
